$Type: Forms$BuildingBlock
CanvasHeight: 600
CanvasWidth: 800
DisplayName: Pageheader with search
Documentation: ""
DocumentationUrl: '{{atlasUrl}}/p/pageheader'
Excluded: false
ExportLevel: Hidden
Name: Pageheader_WithSearch
Platform: Web
TemplateCategory: Headers
TemplateCategoryWeight: 10
Widgets:
- $Type: Forms$DivContainer
  Appearance:
    $Type: Forms$Appearance
    Class: pageheader
    DesignProperties:
    - $Type: Forms$DesignPropertyValue
      Key: Spacing
      Value:
        $Type: Forms$CompoundDesignPropertyValue
        Properties:
        - $Type: Forms$DesignPropertyValue
          Key: margin-bottom
          Value:
            $Type: Forms$OptionDesignPropertyValue
            Option: L
    DynamicClasses: ""
    Style: ""
  ConditionalVisibilitySettings: null
  Name: container1
  NativeAccessibilitySettings: null
  OnClickAction:
    $Type: Forms$NoAction
    DisabledDuringExecution: true
  RenderMode: Div
  ScreenReaderHidden: false
  TabIndex: 0
  Widgets:
  - $Type: Forms$DynamicText
    Appearance:
      $Type: Forms$Appearance
      Class: pageheader-title
      DesignProperties:
      - $Type: Forms$DesignPropertyValue
        Key: Spacing
        Value:
          $Type: Forms$CompoundDesignPropertyValue
          Properties:
          - $Type: Forms$DesignPropertyValue
            Key: margin-bottom
            Value:
              $Type: Forms$OptionDesignPropertyValue
              Option: M
      DynamicClasses: ""
      Style: ""
    ConditionalVisibilitySettings: null
    Content:
      $Type: Forms$ClientTemplate
      Fallback:
        $Type: Texts$Text
        Items: null
      Parameters: null
      Template:
        $Type: Texts$Text
        Items:
        - $Type: Texts$Translation
          LanguageCode: en_US
          Text: Page header title
    Name: text40
    NativeAccessibilitySettings: null
    NativeTextStyle: Text
    RenderMode: H1
    TabIndex: 0
  - $Type: Forms$LayoutGrid
    Appearance:
      $Type: Forms$Appearance
      Class: pageheader
      DesignProperties: null
      DynamicClasses: ""
      Style: ""
    ConditionalVisibilitySettings: null
    Name: layoutGrid2
    Rows:
    - $Type: Forms$LayoutGridRow
      Appearance:
        $Type: Forms$Appearance
        Class: ""
        DesignProperties: null
        DynamicClasses: ""
        Style: ""
      Columns:
      - $Type: Forms$LayoutGridColumn
        Appearance:
          $Type: Forms$Appearance
          Class: ""
          DesignProperties: null
          DynamicClasses: ""
          Style: ""
        PhoneWeight: -1
        PreviewWidth: -1
        TabletWeight: -1
        VerticalAlignment: None
        Weight: -1
        Widgets:
        - $Type: Forms$DropDown
          Appearance:
            $Type: Forms$Appearance
            Class: ""
            DesignProperties: null
            DynamicClasses: ""
            Style: ""
          AriaRequired: false
          AttributeRef: null
          ConditionalEditabilitySettings: null
          ConditionalVisibilitySettings: null
          Editable: Always
          EmptyOptionCaption:
            $Type: Texts$Text
            Items:
            - $Type: Texts$Translation
              LanguageCode: en_US
              Text: Dropdown filter
          LabelTemplate: null
          Name: dropDown1
          NativeAccessibilitySettings: null
          OnChangeAction:
            $Type: Forms$NoAction
            DisabledDuringExecution: true
          OnEnterAction:
            $Type: Forms$NoAction
            DisabledDuringExecution: true
          OnLeaveAction:
            $Type: Forms$NoAction
            DisabledDuringExecution: true
          ReadOnlyStyle: Inherit
          ScreenReaderLabel:
            $Type: Forms$ClientTemplate
            Fallback:
              $Type: Texts$Text
              Items: null
            Parameters: null
            Template:
              $Type: Texts$Text
              Items: null
          SourceVariable: null
          TabIndex: 0
          Validation:
            $Type: Forms$WidgetValidation
            Expression: ""
            Message:
              $Type: Texts$Text
              Items: null
      - $Type: Forms$LayoutGridColumn
        Appearance:
          $Type: Forms$Appearance
          Class: ""
          DesignProperties: null
          DynamicClasses: ""
          Style: ""
        PhoneWeight: -1
        PreviewWidth: -1
        TabletWeight: -1
        VerticalAlignment: None
        Weight: -1
        Widgets:
        - $Type: Forms$DropDown
          Appearance:
            $Type: Forms$Appearance
            Class: ""
            DesignProperties: null
            DynamicClasses: ""
            Style: ""
          AriaRequired: false
          AttributeRef: null
          ConditionalEditabilitySettings: null
          ConditionalVisibilitySettings: null
          Editable: Always
          EmptyOptionCaption:
            $Type: Texts$Text
            Items:
            - $Type: Texts$Translation
              LanguageCode: en_US
              Text: Dropdown filter
          LabelTemplate: null
          Name: dropDown2
          NativeAccessibilitySettings: null
          OnChangeAction:
            $Type: Forms$NoAction
            DisabledDuringExecution: true
          OnEnterAction:
            $Type: Forms$NoAction
            DisabledDuringExecution: true
          OnLeaveAction:
            $Type: Forms$NoAction
            DisabledDuringExecution: true
          ReadOnlyStyle: Inherit
          ScreenReaderLabel:
            $Type: Forms$ClientTemplate
            Fallback:
              $Type: Texts$Text
              Items: null
            Parameters: null
            Template:
              $Type: Texts$Text
              Items: null
          SourceVariable: null
          TabIndex: 0
          Validation:
            $Type: Forms$WidgetValidation
            Expression: ""
            Message:
              $Type: Texts$Text
              Items: null
      - $Type: Forms$LayoutGridColumn
        Appearance:
          $Type: Forms$Appearance
          Class: ""
          DesignProperties: null
          DynamicClasses: ""
          Style: ""
        PhoneWeight: -1
        PreviewWidth: -1
        TabletWeight: -1
        VerticalAlignment: None
        Weight: -1
        Widgets:
        - $Type: Forms$DatePicker
          Appearance:
            $Type: Forms$Appearance
            Class: ""
            DesignProperties: null
            DynamicClasses: ""
            Style: ""
          AriaRequired: false
          AttributeRef: null
          ConditionalEditabilitySettings: null
          ConditionalVisibilitySettings: null
          Editable: Always
          FormattingInfo:
            $Type: Forms$FormattingInfo
            CustomDateFormat: ""
            DateFormat: Date
            DecimalPrecision: 2
            EnumFormat: Text
            GroupDigits: false
          LabelTemplate: null
          Name: datePicker1
          NativeAccessibilitySettings: null
          OnChangeAction:
            $Type: Forms$NoAction
            DisabledDuringExecution: true
          OnEnterAction:
            $Type: Forms$NoAction
            DisabledDuringExecution: true
          OnLeaveAction:
            $Type: Forms$NoAction
            DisabledDuringExecution: true
          Placeholder:
            $Type: Texts$Text
            Items:
            - $Type: Texts$Translation
              LanguageCode: en_US
              Text: Date filter
          ReadOnlyStyle: Inherit
          ScreenReaderLabel:
            $Type: Forms$ClientTemplate
            Fallback:
              $Type: Texts$Text
              Items: null
            Parameters: null
            Template:
              $Type: Texts$Text
              Items: null
          SourceVariable: null
          TabIndex: 0
          Validation:
            $Type: Forms$WidgetValidation
            Expression: ""
            Message:
              $Type: Texts$Text
              Items: null
      - $Type: Forms$LayoutGridColumn
        Appearance:
          $Type: Forms$Appearance
          Class: ""
          DesignProperties: null
          DynamicClasses: ""
          Style: ""
        PhoneWeight: -1
        PreviewWidth: -1
        TabletWeight: -1
        VerticalAlignment: None
        Weight: -1
        Widgets:
        - $Type: Forms$ActionButton
          Action:
            $Type: Forms$NoAction
            DisabledDuringExecution: true
          Appearance:
            $Type: Forms$Appearance
            Class: ""
            DesignProperties:
            - $Type: Forms$DesignPropertyValue
              Key: Full width
              Value:
                $Type: Forms$ToggleDesignPropertyValue
            DynamicClasses: ""
            Style: ""
          AriaRole: Button
          ButtonStyle: Primary
          CaptionTemplate:
            $Type: Forms$ClientTemplate
            Fallback:
              $Type: Texts$Text
              Items: null
            Parameters: null
            Template:
              $Type: Texts$Text
              Items:
              - $Type: Texts$Translation
                LanguageCode: en_US
                Text: Search
          ConditionalVisibilitySettings: null
          Icon: null
          Name: actionButton13
          NativeAccessibilitySettings: null
          RenderType: Button
          TabIndex: 0
          Tooltip:
            $Type: Texts$Text
            Items: null
      ConditionalVisibilitySettings: null
      HorizontalAlignment: None
      SpacingBetweenColumns: true
      VerticalAlignment: None
    TabIndex: 0
    Width: FullWidth
