$Type: Forms$BuildingBlock
CanvasHeight: 600
CanvasWidth: 800
DisplayName: Pageheader
Documentation: ""
DocumentationUrl: '{{atlasUrl}}/p/pageheader'
Excluded: false
ExportLevel: Hidden
Name: Pageheader
Platform: Web
TemplateCategory: Headers
TemplateCategoryWeight: 10
Widgets:
- $Type: Forms$DivContainer
  Appearance:
    $Type: Forms$Appearance
    Class: pageheader
    DesignProperties:
    - $Type: Forms$DesignPropertyValue
      Key: Spacing
      Value:
        $Type: Forms$CompoundDesignPropertyValue
        Properties:
        - $Type: Forms$DesignPropertyValue
          Key: margin-bottom
          Value:
            $Type: Forms$OptionDesignPropertyValue
            Option: L
    DynamicClasses: ""
    Style: ""
  ConditionalVisibilitySettings: null
  Name: container1
  NativeAccessibilitySettings: null
  OnClickAction:
    $Type: Forms$NoAction
    DisabledDuringExecution: true
  RenderMode: Div
  ScreenReaderHidden: false
  TabIndex: 0
  Widgets:
  - $Type: Forms$DynamicText
    Appearance:
      $Type: Forms$Appearance
      Class: pageheader-title
      DesignProperties:
      - $Type: Forms$DesignPropertyValue
        Key: Spacing
        Value:
          $Type: Forms$CompoundDesignPropertyValue
          Properties:
          - $Type: Forms$DesignPropertyValue
            Key: margin-bottom
            Value:
              $Type: Forms$OptionDesignPropertyValue
              Option: S
      DynamicClasses: ""
      Style: ""
    ConditionalVisibilitySettings: null
    Content:
      $Type: Forms$ClientTemplate
      Fallback:
        $Type: Texts$Text
        Items: null
      Parameters: null
      Template:
        $Type: Texts$Text
        Items:
        - $Type: Texts$Translation
          LanguageCode: en_US
          Text: Page header title
    Name: text40
    NativeAccessibilitySettings: null
    NativeTextStyle: Text
    RenderMode: H1
    TabIndex: 0
  - $Type: Forms$DynamicText
    Appearance:
      $Type: Forms$Appearance
      Class: pageheader-subtitle
      DesignProperties:
      - $Type: Forms$DesignPropertyValue
        Key: Color
        Value:
          $Type: Forms$OptionDesignPropertyValue
          Option: Detail color
      - $Type: Forms$DesignPropertyValue
        Key: Spacing
        Value:
          $Type: Forms$CompoundDesignPropertyValue
          Properties:
          - $Type: Forms$DesignPropertyValue
            Key: margin-bottom
            Value:
              $Type: Forms$OptionDesignPropertyValue
              Option: None
      DynamicClasses: ""
      Style: ""
    ConditionalVisibilitySettings: null
    Content:
      $Type: Forms$ClientTemplate
      Fallback:
        $Type: Texts$Text
        Items: null
      Parameters: null
      Template:
        $Type: Texts$Text
        Items:
        - $Type: Texts$Translation
          LanguageCode: en_US
          Text: Supporting text
    Name: text39
    NativeAccessibilitySettings: null
    NativeTextStyle: Text
    RenderMode: Paragraph
    TabIndex: 0
