$Type: Forms$BuildingBlock
CanvasHeight: 600
CanvasWidth: 800
DisplayName: List single line
Documentation: ""
DocumentationUrl: '{{atlasUrl}}/p/lists'
Excluded: false
ExportLevel: Hidden
Name: List_SingleLine
Platform: Web
TemplateCategory: Lists
TemplateCategoryWeight: 20
Widgets:
- $Type: Forms$ListView
  Appearance:
    $Type: Forms$Appearance
    Class: ""
    DesignProperties:
    - $Type: Forms$DesignPropertyValue
      Key: Style
      Value:
        $Type: Forms$OptionDesignPropertyValue
        Option: Lined
    - $Type: Forms$DesignPropertyValue
      Key: Hover style
      Value:
        $Type: Forms$ToggleDesignPropertyValue
    DynamicClasses: ""
    Style: ""
  ClickAction:
    $Type: Forms$NoAction
    DisabledDuringExecution: false
  ConditionalVisibilitySettings: null
  DataSource:
    $Type: Forms$ListViewXPathSource
    EntityRef: null
    ForceFullObjects: false
    Search:
      $Type: Forms$ListViewSearch
      SearchRefs: null
    SortBar:
      $Type: Forms$GridSortBar
      SortItems: null
    SourceVariable: null
    XPathConstraint: ""
  Editable: false
  Name: listView3
  NumberOfColumns: 1
  PageSize: 5
  PullDownAction:
    $Type: Forms$NoAction
    DisabledDuringExecution: false
  ScrollDirection: Vertical
  TabIndex: 0
  Templates: null
  Widgets:
  - $Type: Forms$LayoutGrid
    Appearance:
      $Type: Forms$Appearance
      Class: ""
      DesignProperties: null
      DynamicClasses: ""
      Style: ""
    ConditionalVisibilitySettings: null
    Name: layoutGrid1
    Rows:
    - $Type: Forms$LayoutGridRow
      Appearance:
        $Type: Forms$Appearance
        Class: ""
        DesignProperties: null
        DynamicClasses: ""
        Style: ""
      Columns:
      - $Type: Forms$LayoutGridColumn
        Appearance:
          $Type: Forms$Appearance
          Class: ""
          DesignProperties: null
          DynamicClasses: ""
          Style: ""
        PhoneWeight: -1
        PreviewWidth: -1
        TabletWeight: -1
        VerticalAlignment: None
        Weight: -1
        Widgets:
        - $Type: Forms$DynamicText
          Appearance:
            $Type: Forms$Appearance
            Class: ""
            DesignProperties:
            - $Type: Forms$DesignPropertyValue
              Key: Spacing
              Value:
                $Type: Forms$CompoundDesignPropertyValue
                Properties:
                - $Type: Forms$DesignPropertyValue
                  Key: margin-bottom
                  Value:
                    $Type: Forms$OptionDesignPropertyValue
                    Option: None
            DynamicClasses: ""
            Style: ""
          ConditionalVisibilitySettings: null
          Content:
            $Type: Forms$ClientTemplate
            Fallback:
              $Type: Texts$Text
              Items: null
            Parameters: null
            Template:
              $Type: Texts$Text
              Items:
              - $Type: Texts$Translation
                LanguageCode: en_US
                Text: List item title
          Name: text7
          NativeAccessibilitySettings: null
          NativeTextStyle: Text
          RenderMode: Text
          TabIndex: 0
      - $Type: Forms$LayoutGridColumn
        Appearance:
          $Type: Forms$Appearance
          Class: ""
          DesignProperties: null
          DynamicClasses: ""
          Style: ""
        PhoneWeight: -2
        PreviewWidth: -1
        TabletWeight: -2
        VerticalAlignment: None
        Weight: -2
        Widgets:
        - $Type: Forms$ActionButton
          Action:
            $Type: Forms$NoAction
            DisabledDuringExecution: true
          Appearance:
            $Type: Forms$Appearance
            Class: ""
            DesignProperties: null
            DynamicClasses: ""
            Style: ""
          AriaRole: Button
          ButtonStyle: Default
          CaptionTemplate:
            $Type: Forms$ClientTemplate
            Fallback:
              $Type: Texts$Text
              Items: null
            Parameters: null
            Template:
              $Type: Texts$Text
              Items:
              - $Type: Texts$Translation
                LanguageCode: en_US
                Text: ""
          ConditionalVisibilitySettings: null
          Icon:
            $Type: Forms$IconCollectionIcon
          Name: actionButton3
          NativeAccessibilitySettings: null
          RenderType: Link
          TabIndex: 0
          Tooltip:
            $Type: Texts$Text
            Items:
            - $Type: Texts$Translation
              LanguageCode: en_US
              Text: Menu Right Icon
      ConditionalVisibilitySettings: null
      HorizontalAlignment: None
      SpacingBetweenColumns: true
      VerticalAlignment: Center
    TabIndex: 0
    Width: FullWidth
