$Type: Forms$BuildingBlock
CanvasHeight: 600
CanvasWidth: 800
DisplayName: Card background
Documentation: ""
DocumentationUrl: '{{atlasUrl}}/p/card'
Excluded: false
ExportLevel: Hidden
Name: Card_Background
Platform: Web
TemplateCategory: Cards
TemplateCategoryWeight: 30
Widgets:
- $Type: Forms$DivContainer
  Appearance:
    $Type: Forms$Appearance
    Class: card
    DesignProperties: null
    DynamicClasses: ""
    Style: ""
  ConditionalVisibilitySettings: null
  Name: container2
  NativeAccessibilitySettings: null
  OnClickAction:
    $Type: Forms$NoAction
    DisabledDuringExecution: true
  RenderMode: Div
  ScreenReaderHidden: false
  TabIndex: 0
  Widgets:
  - $Type: CustomWidgets$CustomWidget
    Appearance:
      $Type: Forms$Appearance
      Class: card-image
      DesignProperties:
      - $Type: Forms$DesignPropertyValue
        Key: Center image
        Value:
          $Type: Forms$ToggleDesignPropertyValue
      - $Type: Forms$DesignPropertyValue
        Key: Image fit
        Value:
          $Type: Forms$OptionDesignPropertyValue
          Option: Cover
      DynamicClasses: ""
      Style: ""
    ConditionalEditabilitySettings: null
    ConditionalVisibilitySettings: null
    Editable: Always
    LabelTemplate: null
    Name: image1
    Object:
      $Type: CustomWidgets$WidgetObject
      Properties:
      - $Type: CustomWidgets$WidgetProperty
        TypePointer:
          Data: VnRcIY+d20aUcTxqaWACzA==
          Subtype: 0
        Value:
          $Type: CustomWidgets$WidgetValue
          Action:
            $Type: Forms$NoAction
            DisabledDuringExecution: true
          AttributeRef: null
          DataSource: null
          EntityRef: null
          Expression: ""
          Form: ""
          Icon: null
          Microflow: ""
          Nanoflow: ""
          Objects: null
          PrimitiveValue: image
          Selection: None
          SourceVariable: null
          TextTemplate: null
          TranslatableValue: null
          TypePointer:
            Data: IEm9irv9u0qouyvYVGXVaQ==
            Subtype: 0
          Widgets: null
          XPathConstraint: ""
      - $Type: CustomWidgets$WidgetProperty
        TypePointer:
          Data: A6bMSDJCy0e6vZtQ7dAzXg==
          Subtype: 0
        Value:
          $Type: CustomWidgets$WidgetValue
          Action:
            $Type: Forms$NoAction
            DisabledDuringExecution: true
          AttributeRef: null
          DataSource: null
          EntityRef: null
          Expression: ""
          Form: ""
          Icon: null
          Microflow: ""
          Nanoflow: ""
          Objects: null
          PrimitiveValue: ""
          Selection: None
          SourceVariable: null
          TextTemplate: null
          TranslatableValue: null
          TypePointer:
            Data: mIrU+FnuU0q08zlvevubcA==
            Subtype: 0
          Widgets: null
          XPathConstraint: ""
      - $Type: CustomWidgets$WidgetProperty
        TypePointer:
          Data: cYg1/cRth0WZZcLyMiCuPg==
          Subtype: 0
        Value:
          $Type: CustomWidgets$WidgetValue
          Action:
            $Type: Forms$NoAction
            DisabledDuringExecution: true
          AttributeRef: null
          DataSource: null
          EntityRef: null
          Expression: ""
          Form: ""
          Icon: null
          Microflow: ""
          Nanoflow: ""
          Objects: null
          PrimitiveValue: ""
          Selection: None
          SourceVariable: null
          TextTemplate: null
          TranslatableValue: null
          TypePointer:
            Data: T1WbDsCOF066TfbKcgVMqQ==
            Subtype: 0
          Widgets: null
          XPathConstraint: ""
      - $Type: CustomWidgets$WidgetProperty
        TypePointer:
          Data: /g/r1S6NNUGdWsf4SQNppA==
          Subtype: 0
        Value:
          $Type: CustomWidgets$WidgetValue
          Action:
            $Type: Forms$NoAction
            DisabledDuringExecution: true
          AttributeRef: null
          DataSource: null
          EntityRef: null
          Expression: ""
          Form: ""
          Icon: null
          Microflow: ""
          Nanoflow: ""
          Objects: null
          PrimitiveValue: ""
          Selection: None
          SourceVariable: null
          TextTemplate:
            $Type: Forms$ClientTemplate
            Fallback:
              $Type: Texts$Text
              Items: null
            Parameters: null
            Template:
              $Type: Texts$Text
              Items: null
          TranslatableValue: null
          TypePointer:
            Data: fC3i0tndzEKIHwbGykNojw==
            Subtype: 0
          Widgets: null
          XPathConstraint: ""
      - $Type: CustomWidgets$WidgetProperty
        TypePointer:
          Data: hNnSE/7+5UqV5bn5LLfe8g==
          Subtype: 0
        Value:
          $Type: CustomWidgets$WidgetValue
          Action:
            $Type: Forms$NoAction
            DisabledDuringExecution: true
          AttributeRef: null
          DataSource: null
          EntityRef: null
          Expression: ""
          Form: ""
          Icon: null
          Microflow: ""
          Nanoflow: ""
          Objects: null
          PrimitiveValue: ""
          Selection: None
          SourceVariable: null
          TextTemplate: null
          TranslatableValue: null
          TypePointer:
            Data: FfOKzjUmxkWEIrjrzI3NBQ==
            Subtype: 0
          Widgets: null
          XPathConstraint: ""
      - $Type: CustomWidgets$WidgetProperty
        TypePointer:
          Data: AGgb/6cwwEW/9UgFy/fvUQ==
          Subtype: 0
        Value:
          $Type: CustomWidgets$WidgetValue
          Action:
            $Type: Forms$NoAction
            DisabledDuringExecution: true
          AttributeRef: null
          DataSource: null
          EntityRef: null
          Expression: ""
          Form: ""
          Icon: null
          Microflow: ""
          Nanoflow: ""
          Objects: null
          PrimitiveValue: "false"
          Selection: None
          SourceVariable: null
          TextTemplate: null
          TranslatableValue: null
          TypePointer:
            Data: KbEEE6cLY0yqvhs8HpIR1w==
            Subtype: 0
          Widgets: null
          XPathConstraint: ""
      - $Type: CustomWidgets$WidgetProperty
        TypePointer:
          Data: LK6effYAlUWOJaNQ6O4Meg==
          Subtype: 0
        Value:
          $Type: CustomWidgets$WidgetValue
          Action:
            $Type: Forms$NoAction
            DisabledDuringExecution: true
          AttributeRef: null
          DataSource: null
          EntityRef: null
          Expression: ""
          Form: ""
          Icon: null
          Microflow: ""
          Nanoflow: ""
          Objects: null
          PrimitiveValue: ""
          Selection: None
          SourceVariable: null
          TextTemplate: null
          TranslatableValue: null
          TypePointer:
            Data: jTHSlByGM0OHiEvoUMmMYw==
            Subtype: 0
          Widgets: null
          XPathConstraint: ""
      - $Type: CustomWidgets$WidgetProperty
        TypePointer:
          Data: UkKbOJsSrUKbPt0oM6kTuw==
          Subtype: 0
        Value:
          $Type: CustomWidgets$WidgetValue
          Action:
            $Type: Forms$NoAction
            DisabledDuringExecution: true
          AttributeRef: null
          DataSource: null
          EntityRef: null
          Expression: ""
          Form: ""
          Icon: null
          Microflow: ""
          Nanoflow: ""
          Objects: null
          PrimitiveValue: action
          Selection: None
          SourceVariable: null
          TextTemplate: null
          TranslatableValue: null
          TypePointer:
            Data: glTeytKYR0WbitNCi+S9aQ==
            Subtype: 0
          Widgets: null
          XPathConstraint: ""
      - $Type: CustomWidgets$WidgetProperty
        TypePointer:
          Data: feAZ9kIlqES5nV9YzUsGAw==
          Subtype: 0
        Value:
          $Type: CustomWidgets$WidgetValue
          Action:
            $Type: Forms$NoAction
            DisabledDuringExecution: true
          AttributeRef: null
          DataSource: null
          EntityRef: null
          Expression: ""
          Form: ""
          Icon: null
          Microflow: ""
          Nanoflow: ""
          Objects: null
          PrimitiveValue: ""
          Selection: None
          SourceVariable: null
          TextTemplate: null
          TranslatableValue: null
          TypePointer:
            Data: HrAbEwMADU2778gf4NxXsQ==
            Subtype: 0
          Widgets: null
          XPathConstraint: ""
      - $Type: CustomWidgets$WidgetProperty
        TypePointer:
          Data: OWjsVM9AxEm5DyOerurZYQ==
          Subtype: 0
        Value:
          $Type: CustomWidgets$WidgetValue
          Action:
            $Type: Forms$NoAction
            DisabledDuringExecution: true
          AttributeRef: null
          DataSource: null
          EntityRef: null
          Expression: ""
          Form: ""
          Icon: null
          Microflow: ""
          Nanoflow: ""
          Objects: null
          PrimitiveValue: ""
          Selection: None
          SourceVariable: null
          TextTemplate:
            $Type: Forms$ClientTemplate
            Fallback:
              $Type: Texts$Text
              Items: null
            Parameters: null
            Template:
              $Type: Texts$Text
              Items: null
          TranslatableValue: null
          TypePointer:
            Data: E3xHdjBoR0+ySZ61rj2KiQ==
            Subtype: 0
          Widgets: null
          XPathConstraint: ""
      - $Type: CustomWidgets$WidgetProperty
        TypePointer:
          Data: XwEvkwZuh0W/btywVcFCaw==
          Subtype: 0
        Value:
          $Type: CustomWidgets$WidgetValue
          Action:
            $Type: Forms$NoAction
            DisabledDuringExecution: true
          AttributeRef: null
          DataSource: null
          EntityRef: null
          Expression: ""
          Form: ""
          Icon: null
          Microflow: ""
          Nanoflow: ""
          Objects: null
          PrimitiveValue: auto
          Selection: None
          SourceVariable: null
          TextTemplate: null
          TranslatableValue: null
          TypePointer:
            Data: 6G9xw/a8D0GGvwwbl0dIPg==
            Subtype: 0
          Widgets: null
          XPathConstraint: ""
      - $Type: CustomWidgets$WidgetProperty
        TypePointer:
          Data: h0m5wDgbAE+BYiw6sO87lQ==
          Subtype: 0
        Value:
          $Type: CustomWidgets$WidgetValue
          Action:
            $Type: Forms$NoAction
            DisabledDuringExecution: true
          AttributeRef: null
          DataSource: null
          EntityRef: null
          Expression: ""
          Form: ""
          Icon: null
          Microflow: ""
          Nanoflow: ""
          Objects: null
          PrimitiveValue: "100"
          Selection: None
          SourceVariable: null
          TextTemplate: null
          TranslatableValue: null
          TypePointer:
            Data: SIIyC+J3Kk2dGwKzHFLKYg==
            Subtype: 0
          Widgets: null
          XPathConstraint: ""
      - $Type: CustomWidgets$WidgetProperty
        TypePointer:
          Data: ZGqwGyMxikqDjLVRtA4D9Q==
          Subtype: 0
        Value:
          $Type: CustomWidgets$WidgetValue
          Action:
            $Type: Forms$NoAction
            DisabledDuringExecution: true
          AttributeRef: null
          DataSource: null
          EntityRef: null
          Expression: ""
          Form: ""
          Icon: null
          Microflow: ""
          Nanoflow: ""
          Objects: null
          PrimitiveValue: auto
          Selection: None
          SourceVariable: null
          TextTemplate: null
          TranslatableValue: null
          TypePointer:
            Data: iN/KYuFukUS0h1pNxRfSrg==
            Subtype: 0
          Widgets: null
          XPathConstraint: ""
      - $Type: CustomWidgets$WidgetProperty
        TypePointer:
          Data: OF2ZIysn/0my8TxGC5yLSg==
          Subtype: 0
        Value:
          $Type: CustomWidgets$WidgetValue
          Action:
            $Type: Forms$NoAction
            DisabledDuringExecution: true
          AttributeRef: null
          DataSource: null
          EntityRef: null
          Expression: ""
          Form: ""
          Icon: null
          Microflow: ""
          Nanoflow: ""
          Objects: null
          PrimitiveValue: "100"
          Selection: None
          SourceVariable: null
          TextTemplate: null
          TranslatableValue: null
          TypePointer:
            Data: r61rlr8RukulxwLFqAQtGQ==
            Subtype: 0
          Widgets: null
          XPathConstraint: ""
      - $Type: CustomWidgets$WidgetProperty
        TypePointer:
          Data: 61VA6A7eRkukPVREQVAR8A==
          Subtype: 0
        Value:
          $Type: CustomWidgets$WidgetValue
          Action:
            $Type: Forms$NoAction
            DisabledDuringExecution: true
          AttributeRef: null
          DataSource: null
          EntityRef: null
          Expression: ""
          Form: ""
          Icon: null
          Microflow: ""
          Nanoflow: ""
          Objects: null
          PrimitiveValue: "14"
          Selection: None
          SourceVariable: null
          TextTemplate: null
          TranslatableValue: null
          TypePointer:
            Data: B7c5NuId5UC/CKA2Jvk7Cw==
            Subtype: 0
          Widgets: null
          XPathConstraint: ""
      - $Type: CustomWidgets$WidgetProperty
        TypePointer:
          Data: J+TZ4VMprUyst+D7LQ7RgA==
          Subtype: 0
        Value:
          $Type: CustomWidgets$WidgetValue
          Action:
            $Type: Forms$NoAction
            DisabledDuringExecution: true
          AttributeRef: null
          DataSource: null
          EntityRef: null
          Expression: ""
          Form: ""
          Icon: null
          Microflow: ""
          Nanoflow: ""
          Objects: null
          PrimitiveValue: fullImage
          Selection: None
          SourceVariable: null
          TextTemplate: null
          TranslatableValue: null
          TypePointer:
            Data: kL6f09WOrE2zxivT2aKeKQ==
            Subtype: 0
          Widgets: null
          XPathConstraint: ""
      - $Type: CustomWidgets$WidgetProperty
        TypePointer:
          Data: qGal6zn3PEetSDZHxT+EPA==
          Subtype: 0
        Value:
          $Type: CustomWidgets$WidgetValue
          Action:
            $Type: Forms$NoAction
            DisabledDuringExecution: true
          AttributeRef: null
          DataSource: null
          EntityRef: null
          Expression: ""
          Form: ""
          Icon: null
          Microflow: ""
          Nanoflow: ""
          Objects: null
          PrimitiveValue: "true"
          Selection: None
          SourceVariable: null
          TextTemplate: null
          TranslatableValue: null
          TypePointer:
            Data: kqo1LTnapEiY3wCA+rAp3Q==
            Subtype: 0
          Widgets: null
          XPathConstraint: ""
      TypePointer:
        Data: X+U8L56j5Eex0K0swVeOFw==
        Subtype: 0
    TabIndex: 0
    Type:
      $Type: CustomWidgets$CustomWidgetType
      HelpUrl: https://docs.mendix.com/appstore/widgets/image
      ObjectType:
        $Type: CustomWidgets$WidgetObjectType
        PropertyTypes:
        - $Type: CustomWidgets$WidgetPropertyType
          Caption: Image type
          Category: General::Data source
          Description: ""
          IsDefault: false
          PropertyKey: datasource
          ValueType:
            $Type: CustomWidgets$WidgetValueType
            AllowNonPersistableEntities: false
            AllowedTypes: null
            AssociationTypes: null
            DataSourceProperty: ""
            DefaultValue: image
            EntityProperty: ""
            EnumerationValues:
            - $Type: CustomWidgets$WidgetEnumerationValue
              _Key: image
              Caption: Image
            - $Type: CustomWidgets$WidgetEnumerationValue
              _Key: imageUrl
              Caption: Image URL
            - $Type: CustomWidgets$WidgetEnumerationValue
              _Key: icon
              Caption: Icon
            IsList: false
            IsPath: "No"
            Multiline: false
            ObjectType: null
            OnChangeProperty: ""
            ParameterIsList: false
            PathType: None
            Required: true
            ReturnType: null
            SelectableObjectsProperty: ""
            SelectionTypes: null
            SetLabel: false
            Translations: null
            Type: Enumeration
        - $Type: CustomWidgets$WidgetPropertyType
          Caption: Image source
          Category: General::Data source
          Description: ""
          IsDefault: false
          PropertyKey: imageObject
          ValueType:
            $Type: CustomWidgets$WidgetValueType
            AllowNonPersistableEntities: false
            AllowedTypes: null
            AssociationTypes: null
            DataSourceProperty: ""
            DefaultValue: ""
            EntityProperty: ""
            EnumerationValues: null
            IsList: false
            IsPath: "No"
            Multiline: false
            ObjectType: null
            OnChangeProperty: ""
            ParameterIsList: false
            PathType: None
            Required: false
            ReturnType: null
            SelectableObjectsProperty: ""
            SelectionTypes: null
            SetLabel: false
            Translations: null
            Type: Image
        - $Type: CustomWidgets$WidgetPropertyType
          Caption: Default image
          Category: General::Data source
          Description: This is the image that is displayed if no image is uploaded.
          IsDefault: false
          PropertyKey: defaultImageDynamic
          ValueType:
            $Type: CustomWidgets$WidgetValueType
            AllowNonPersistableEntities: false
            AllowedTypes: null
            AssociationTypes: null
            DataSourceProperty: ""
            DefaultValue: ""
            EntityProperty: ""
            EnumerationValues: null
            IsList: false
            IsPath: "No"
            Multiline: false
            ObjectType: null
            OnChangeProperty: ""
            ParameterIsList: false
            PathType: None
            Required: false
            ReturnType: null
            SelectableObjectsProperty: ""
            SelectionTypes: null
            SetLabel: false
            Translations: null
            Type: Image
        - $Type: CustomWidgets$WidgetPropertyType
          Caption: Image URL
          Category: General::Data source
          Description: The link of the external image.
          IsDefault: false
          PropertyKey: imageUrl
          ValueType:
            $Type: CustomWidgets$WidgetValueType
            AllowNonPersistableEntities: false
            AllowedTypes: null
            AssociationTypes: null
            DataSourceProperty: ""
            DefaultValue: ""
            EntityProperty: ""
            EnumerationValues: null
            IsList: false
            IsPath: "No"
            Multiline: false
            ObjectType: null
            OnChangeProperty: ""
            ParameterIsList: false
            PathType: None
            Required: false
            ReturnType: null
            SelectableObjectsProperty: ""
            SelectionTypes: null
            SetLabel: false
            Translations: null
            Type: TextTemplate
        - $Type: CustomWidgets$WidgetPropertyType
          Caption: Icon
          Category: General::Data source
          Description: The icon image.
          IsDefault: false
          PropertyKey: imageIcon
          ValueType:
            $Type: CustomWidgets$WidgetValueType
            AllowNonPersistableEntities: false
            AllowedTypes: null
            AssociationTypes: null
            DataSourceProperty: ""
            DefaultValue: ""
            EntityProperty: ""
            EnumerationValues: null
            IsList: false
            IsPath: "No"
            Multiline: false
            ObjectType: null
            OnChangeProperty: ""
            ParameterIsList: false
            PathType: None
            Required: false
            ReturnType: null
            SelectableObjectsProperty: ""
            SelectionTypes: null
            SetLabel: false
            Translations: null
            Type: Icon
        - $Type: CustomWidgets$WidgetPropertyType
          Caption: Background image
          Category: General::Data source
          Description: Whether the image is rendered as a background. More content
            can be put inside, while design properties will have no effect.
          IsDefault: false
          PropertyKey: isBackgroundImage
          ValueType:
            $Type: CustomWidgets$WidgetValueType
            AllowNonPersistableEntities: false
            AllowedTypes: null
            AssociationTypes: null
            DataSourceProperty: ""
            DefaultValue: "false"
            EntityProperty: ""
            EnumerationValues: null
            IsList: false
            IsPath: "No"
            Multiline: false
            ObjectType: null
            OnChangeProperty: ""
            ParameterIsList: false
            PathType: None
            Required: true
            ReturnType: null
            SelectableObjectsProperty: ""
            SelectionTypes: null
            SetLabel: false
            Translations: null
            Type: Boolean
        - $Type: CustomWidgets$WidgetPropertyType
          Caption: Place content here
          Category: General::Data source
          Description: ""
          IsDefault: false
          PropertyKey: children
          ValueType:
            $Type: CustomWidgets$WidgetValueType
            AllowNonPersistableEntities: false
            AllowedTypes: null
            AssociationTypes: null
            DataSourceProperty: ""
            DefaultValue: ""
            EntityProperty: ""
            EnumerationValues: null
            IsList: false
            IsPath: "No"
            Multiline: false
            ObjectType: null
            OnChangeProperty: ""
            ParameterIsList: false
            PathType: None
            Required: false
            ReturnType: null
            SelectableObjectsProperty: ""
            SelectionTypes: null
            SetLabel: false
            Translations: null
            Type: Widgets
        - $Type: CustomWidgets$WidgetPropertyType
          Caption: On click type
          Category: General::Events
          Description: ""
          IsDefault: false
          PropertyKey: onClickType
          ValueType:
            $Type: CustomWidgets$WidgetValueType
            AllowNonPersistableEntities: false
            AllowedTypes: null
            AssociationTypes: null
            DataSourceProperty: ""
            DefaultValue: action
            EntityProperty: ""
            EnumerationValues:
            - $Type: CustomWidgets$WidgetEnumerationValue
              _Key: action
              Caption: Action
            - $Type: CustomWidgets$WidgetEnumerationValue
              _Key: enlarge
              Caption: Enlarge
            IsList: false
            IsPath: "No"
            Multiline: false
            ObjectType: null
            OnChangeProperty: ""
            ParameterIsList: false
            PathType: None
            Required: true
            ReturnType: null
            SelectableObjectsProperty: ""
            SelectionTypes: null
            SetLabel: false
            Translations: null
            Type: Enumeration
        - $Type: CustomWidgets$WidgetPropertyType
          Caption: On click
          Category: General::Events
          Description: ""
          IsDefault: false
          PropertyKey: onClick
          ValueType:
            $Type: CustomWidgets$WidgetValueType
            AllowNonPersistableEntities: false
            AllowedTypes: null
            AssociationTypes: null
            DataSourceProperty: ""
            DefaultValue: ""
            EntityProperty: ""
            EnumerationValues: null
            IsList: false
            IsPath: "No"
            Multiline: false
            ObjectType: null
            OnChangeProperty: ""
            ParameterIsList: false
            PathType: None
            Required: false
            ReturnType: null
            SelectableObjectsProperty: ""
            SelectionTypes: null
            SetLabel: false
            Translations: null
            Type: Action
        - $Type: CustomWidgets$WidgetPropertyType
          Caption: Alternative text
          Category: General::Accessibility
          Description: Alternative text of the image for accessibility purposes.
          IsDefault: false
          PropertyKey: alternativeText
          ValueType:
            $Type: CustomWidgets$WidgetValueType
            AllowNonPersistableEntities: false
            AllowedTypes: null
            AssociationTypes: null
            DataSourceProperty: ""
            DefaultValue: ""
            EntityProperty: ""
            EnumerationValues: null
            IsList: false
            IsPath: "No"
            Multiline: false
            ObjectType: null
            OnChangeProperty: ""
            ParameterIsList: false
            PathType: None
            Required: false
            ReturnType: null
            SelectableObjectsProperty: ""
            SelectionTypes: null
            SetLabel: false
            Translations: null
            Type: TextTemplate
        - $Type: CustomWidgets$WidgetPropertyType
          Caption: <system:Name>
          Category: General::Conditional Visibility
          Description: ""
          IsDefault: false
          PropertyKey: Name
          ValueType:
            $Type: CustomWidgets$WidgetValueType
            AllowNonPersistableEntities: false
            AllowedTypes: null
            AssociationTypes: null
            DataSourceProperty: ""
            DefaultValue: ""
            EntityProperty: ""
            EnumerationValues: null
            IsList: false
            IsPath: "No"
            Multiline: false
            ObjectType: null
            OnChangeProperty: ""
            ParameterIsList: false
            PathType: None
            Required: false
            ReturnType: null
            SelectableObjectsProperty: ""
            SelectionTypes: null
            SetLabel: false
            Translations: null
            Type: System
        - $Type: CustomWidgets$WidgetPropertyType
          Caption: <system:Visibility>
          Category: General::Conditional Visibility
          Description: ""
          IsDefault: false
          PropertyKey: Visibility
          ValueType:
            $Type: CustomWidgets$WidgetValueType
            AllowNonPersistableEntities: false
            AllowedTypes: null
            AssociationTypes: null
            DataSourceProperty: ""
            DefaultValue: ""
            EntityProperty: ""
            EnumerationValues: null
            IsList: false
            IsPath: "No"
            Multiline: false
            ObjectType: null
            OnChangeProperty: ""
            ParameterIsList: false
            PathType: None
            Required: false
            ReturnType: null
            SelectableObjectsProperty: ""
            SelectionTypes: null
            SetLabel: false
            Translations: null
            Type: System
        - $Type: CustomWidgets$WidgetPropertyType
          Caption: Width unit
          Category: Dimensions::Dimensions
          Description: ""
          IsDefault: false
          PropertyKey: widthUnit
          ValueType:
            $Type: CustomWidgets$WidgetValueType
            AllowNonPersistableEntities: false
            AllowedTypes: null
            AssociationTypes: null
            DataSourceProperty: ""
            DefaultValue: auto
            EntityProperty: ""
            EnumerationValues:
            - $Type: CustomWidgets$WidgetEnumerationValue
              _Key: auto
              Caption: Auto
            - $Type: CustomWidgets$WidgetEnumerationValue
              _Key: pixels
              Caption: Pixels
            - $Type: CustomWidgets$WidgetEnumerationValue
              _Key: percentage
              Caption: Percentage
            IsList: false
            IsPath: "No"
            Multiline: false
            ObjectType: null
            OnChangeProperty: ""
            ParameterIsList: false
            PathType: None
            Required: true
            ReturnType: null
            SelectableObjectsProperty: ""
            SelectionTypes: null
            SetLabel: false
            Translations: null
            Type: Enumeration
        - $Type: CustomWidgets$WidgetPropertyType
          Caption: Width
          Category: Dimensions::Dimensions
          Description: ""
          IsDefault: false
          PropertyKey: width
          ValueType:
            $Type: CustomWidgets$WidgetValueType
            AllowNonPersistableEntities: false
            AllowedTypes: null
            AssociationTypes: null
            DataSourceProperty: ""
            DefaultValue: "100"
            EntityProperty: ""
            EnumerationValues: null
            IsList: false
            IsPath: "No"
            Multiline: false
            ObjectType: null
            OnChangeProperty: ""
            ParameterIsList: false
            PathType: None
            Required: true
            ReturnType: null
            SelectableObjectsProperty: ""
            SelectionTypes: null
            SetLabel: false
            Translations: null
            Type: Integer
        - $Type: CustomWidgets$WidgetPropertyType
          Caption: Height unit
          Category: Dimensions::Dimensions
          Description: Auto will keep the aspect ratio of the image.
          IsDefault: false
          PropertyKey: heightUnit
          ValueType:
            $Type: CustomWidgets$WidgetValueType
            AllowNonPersistableEntities: false
            AllowedTypes: null
            AssociationTypes: null
            DataSourceProperty: ""
            DefaultValue: auto
            EntityProperty: ""
            EnumerationValues:
            - $Type: CustomWidgets$WidgetEnumerationValue
              _Key: auto
              Caption: Auto
            - $Type: CustomWidgets$WidgetEnumerationValue
              _Key: pixels
              Caption: Pixels
            IsList: false
            IsPath: "No"
            Multiline: false
            ObjectType: null
            OnChangeProperty: ""
            ParameterIsList: false
            PathType: None
            Required: true
            ReturnType: null
            SelectableObjectsProperty: ""
            SelectionTypes: null
            SetLabel: false
            Translations: null
            Type: Enumeration
        - $Type: CustomWidgets$WidgetPropertyType
          Caption: Height
          Category: Dimensions::Dimensions
          Description: ""
          IsDefault: false
          PropertyKey: height
          ValueType:
            $Type: CustomWidgets$WidgetValueType
            AllowNonPersistableEntities: false
            AllowedTypes: null
            AssociationTypes: null
            DataSourceProperty: ""
            DefaultValue: "100"
            EntityProperty: ""
            EnumerationValues: null
            IsList: false
            IsPath: "No"
            Multiline: false
            ObjectType: null
            OnChangeProperty: ""
            ParameterIsList: false
            PathType: None
            Required: true
            ReturnType: null
            SelectableObjectsProperty: ""
            SelectionTypes: null
            SetLabel: false
            Translations: null
            Type: Integer
        - $Type: CustomWidgets$WidgetPropertyType
          Caption: Icon size
          Category: Dimensions::Dimensions
          Description: The size of the icon in pixels.
          IsDefault: false
          PropertyKey: iconSize
          ValueType:
            $Type: CustomWidgets$WidgetValueType
            AllowNonPersistableEntities: false
            AllowedTypes: null
            AssociationTypes: null
            DataSourceProperty: ""
            DefaultValue: "14"
            EntityProperty: ""
            EnumerationValues: null
            IsList: false
            IsPath: "No"
            Multiline: false
            ObjectType: null
            OnChangeProperty: ""
            ParameterIsList: false
            PathType: None
            Required: true
            ReturnType: null
            SelectableObjectsProperty: ""
            SelectionTypes: null
            SetLabel: false
            Translations: null
            Type: Integer
        - $Type: CustomWidgets$WidgetPropertyType
          Caption: Show
          Category: Dimensions::Dimensions
          Description: ""
          IsDefault: false
          PropertyKey: displayAs
          ValueType:
            $Type: CustomWidgets$WidgetValueType
            AllowNonPersistableEntities: false
            AllowedTypes: null
            AssociationTypes: null
            DataSourceProperty: ""
            DefaultValue: fullImage
            EntityProperty: ""
            EnumerationValues:
            - $Type: CustomWidgets$WidgetEnumerationValue
              _Key: fullImage
              Caption: Full image
            - $Type: CustomWidgets$WidgetEnumerationValue
              _Key: thumbnail
              Caption: Thumbnail
            IsList: false
            IsPath: "No"
            Multiline: false
            ObjectType: null
            OnChangeProperty: ""
            ParameterIsList: false
            PathType: None
            Required: true
            ReturnType: null
            SelectableObjectsProperty: ""
            SelectionTypes: null
            SetLabel: false
            Translations: null
            Type: Enumeration
        - $Type: CustomWidgets$WidgetPropertyType
          Caption: Responsive
          Category: Dimensions::Dimensions
          Description: Image will never get larger than its original size. It can
            become smaller.
          IsDefault: false
          PropertyKey: responsive
          ValueType:
            $Type: CustomWidgets$WidgetValueType
            AllowNonPersistableEntities: false
            AllowedTypes: null
            AssociationTypes: null
            DataSourceProperty: ""
            DefaultValue: "true"
            EntityProperty: ""
            EnumerationValues: null
            IsList: false
            IsPath: "No"
            Multiline: false
            ObjectType: null
            OnChangeProperty: ""
            ParameterIsList: false
            PathType: None
            Required: true
            ReturnType: null
            SelectableObjectsProperty: ""
            SelectionTypes: null
            SetLabel: false
            Translations: null
            Type: Boolean
      OfflineCapable: true
      StudioCategory: Images, Videos & Files
      StudioProCategory: Images, videos & files
      SupportedPlatform: Web
      WidgetDescription: Display an image and enlarge it on click.
      WidgetId: com.mendix.widget.web.image.Image
      WidgetName: Image
      WidgetNeedsEntityContext: false
      WidgetPluginWidget: true
  - $Type: Forms$DivContainer
    Appearance:
      $Type: Forms$Appearance
      Class: card-overlay
      DesignProperties:
      - $Type: Forms$DesignPropertyValue
        Key: Spacing
        Value:
          $Type: Forms$CompoundDesignPropertyValue
          Properties:
          - $Type: Forms$DesignPropertyValue
            Key: margin-bottom
            Value:
              $Type: Forms$OptionDesignPropertyValue
              Option: L
      DynamicClasses: ""
      Style: ""
    ConditionalVisibilitySettings: null
    Name: container1
    NativeAccessibilitySettings: null
    OnClickAction:
      $Type: Forms$NoAction
      DisabledDuringExecution: true
    RenderMode: Div
    ScreenReaderHidden: false
    TabIndex: 0
    Widgets:
    - $Type: Forms$DynamicText
      Appearance:
        $Type: Forms$Appearance
        Class: card-title
        DesignProperties:
        - $Type: Forms$DesignPropertyValue
          Key: Color
          Value:
            $Type: Forms$OptionDesignPropertyValue
            Option: White
        - $Type: Forms$DesignPropertyValue
          Key: Spacing
          Value:
            $Type: Forms$CompoundDesignPropertyValue
            Properties:
            - $Type: Forms$DesignPropertyValue
              Key: margin-bottom
              Value:
                $Type: Forms$OptionDesignPropertyValue
                Option: S
        DynamicClasses: ""
        Style: ""
      ConditionalVisibilitySettings: null
      Content:
        $Type: Forms$ClientTemplate
        Fallback:
          $Type: Texts$Text
          Items: null
        Parameters: null
        Template:
          $Type: Texts$Text
          Items:
          - $Type: Texts$Translation
            LanguageCode: en_US
            Text: Card title
      Name: text23
      NativeAccessibilitySettings: null
      NativeTextStyle: Text
      RenderMode: H4
      TabIndex: 0
    - $Type: Forms$DynamicText
      Appearance:
        $Type: Forms$Appearance
        Class: ""
        DesignProperties:
        - $Type: Forms$DesignPropertyValue
          Key: Color
          Value:
            $Type: Forms$OptionDesignPropertyValue
            Option: White
        - $Type: Forms$DesignPropertyValue
          Key: Spacing
          Value:
            $Type: Forms$CompoundDesignPropertyValue
            Properties:
            - $Type: Forms$DesignPropertyValue
              Key: margin-bottom
              Value:
                $Type: Forms$OptionDesignPropertyValue
                Option: None
        DynamicClasses: ""
        Style: ""
      ConditionalVisibilitySettings: null
      Content:
        $Type: Forms$ClientTemplate
        Fallback:
          $Type: Texts$Text
          Items: null
        Parameters: null
        Template:
          $Type: Texts$Text
          Items:
          - $Type: Texts$Translation
            LanguageCode: en_US
            Text: Supporting text
      Name: text24
      NativeAccessibilitySettings: null
      NativeTextStyle: Text
      RenderMode: Paragraph
      TabIndex: 0
