$Type: Forms$BuildingBlock
CanvasHeight: 600
CanvasWidth: 800
DisplayName: Card with image
Documentation: ""
DocumentationUrl: '{{atlasUrl}}/p/card'
Excluded: false
ExportLevel: Hidden
Name: Card_WithImage
Platform: Web
TemplateCategory: Cards
TemplateCategoryWeight: 30
Widgets:
- $Type: Forms$DivContainer
  Appearance:
    $Type: Forms$Appearance
    Class: card
    DesignProperties: null
    DynamicClasses: ""
    Style: ""
  ConditionalVisibilitySettings: null
  Name: container2
  NativeAccessibilitySettings: null
  OnClickAction:
    $Type: Forms$NoAction
    DisabledDuringExecution: true
  RenderMode: Div
  ScreenReaderHidden: false
  TabIndex: 0
  Widgets:
  - $Type: CustomWidgets$CustomWidget
    Appearance:
      $Type: Forms$Appearance
      Class: card-image
      DesignProperties: null
      DynamicClasses: ""
      Style: ""
    ConditionalEditabilitySettings: null
    ConditionalVisibilitySettings: null
    Editable: Always
    LabelTemplate: null
    Name: image1
    Object:
      $Type: CustomWidgets$WidgetObject
      Properties:
      - $Type: CustomWidgets$WidgetProperty
        TypePointer:
          Data: nStP9vTkPkywgRm+WG3evA==
          Subtype: 0
        Value:
          $Type: CustomWidgets$WidgetValue
          Action:
            $Type: Forms$NoAction
            DisabledDuringExecution: true
          AttributeRef: null
          DataSource: null
          EntityRef: null
          Expression: ""
          Form: ""
          Icon: null
          Microflow: ""
          Nanoflow: ""
          Objects: null
          PrimitiveValue: image
          Selection: None
          SourceVariable: null
          TextTemplate: null
          TranslatableValue: null
          TypePointer:
            Data: fwixXS1ht0iUZoimAYpQpw==
            Subtype: 0
          Widgets: null
          XPathConstraint: ""
      - $Type: CustomWidgets$WidgetProperty
        TypePointer:
          Data: rFl5njTkqU+0y21zQrpJWA==
          Subtype: 0
        Value:
          $Type: CustomWidgets$WidgetValue
          Action:
            $Type: Forms$NoAction
            DisabledDuringExecution: true
          AttributeRef: null
          DataSource: null
          EntityRef: null
          Expression: ""
          Form: ""
          Icon: null
          Microflow: ""
          Nanoflow: ""
          Objects: null
          PrimitiveValue: ""
          Selection: None
          SourceVariable: null
          TextTemplate: null
          TranslatableValue: null
          TypePointer:
            Data: 40z0XVYxJEqz9mgqFj/ARA==
            Subtype: 0
          Widgets: null
          XPathConstraint: ""
      - $Type: CustomWidgets$WidgetProperty
        TypePointer:
          Data: G6xkZtKORkq9zDGHdo7/ng==
          Subtype: 0
        Value:
          $Type: CustomWidgets$WidgetValue
          Action:
            $Type: Forms$NoAction
            DisabledDuringExecution: true
          AttributeRef: null
          DataSource: null
          EntityRef: null
          Expression: ""
          Form: ""
          Icon: null
          Microflow: ""
          Nanoflow: ""
          Objects: null
          PrimitiveValue: ""
          Selection: None
          SourceVariable: null
          TextTemplate: null
          TranslatableValue: null
          TypePointer:
            Data: gCO+h02Z6UCTotujERI+cg==
            Subtype: 0
          Widgets: null
          XPathConstraint: ""
      - $Type: CustomWidgets$WidgetProperty
        TypePointer:
          Data: rINPeVe2AEmQi/jGGWPjUg==
          Subtype: 0
        Value:
          $Type: CustomWidgets$WidgetValue
          Action:
            $Type: Forms$NoAction
            DisabledDuringExecution: true
          AttributeRef: null
          DataSource: null
          EntityRef: null
          Expression: ""
          Form: ""
          Icon: null
          Microflow: ""
          Nanoflow: ""
          Objects: null
          PrimitiveValue: ""
          Selection: None
          SourceVariable: null
          TextTemplate:
            $Type: Forms$ClientTemplate
            Fallback:
              $Type: Texts$Text
              Items: null
            Parameters: null
            Template:
              $Type: Texts$Text
              Items: null
          TranslatableValue: null
          TypePointer:
            Data: aSTMXdY020eKIwdUJZj+rA==
            Subtype: 0
          Widgets: null
          XPathConstraint: ""
      - $Type: CustomWidgets$WidgetProperty
        TypePointer:
          Data: tuIRaQ1cP0mST18OeNIsDQ==
          Subtype: 0
        Value:
          $Type: CustomWidgets$WidgetValue
          Action:
            $Type: Forms$NoAction
            DisabledDuringExecution: true
          AttributeRef: null
          DataSource: null
          EntityRef: null
          Expression: ""
          Form: ""
          Icon: null
          Microflow: ""
          Nanoflow: ""
          Objects: null
          PrimitiveValue: ""
          Selection: None
          SourceVariable: null
          TextTemplate: null
          TranslatableValue: null
          TypePointer:
            Data: 5AinuFV4x0+O2Q8oAJUXMQ==
            Subtype: 0
          Widgets: null
          XPathConstraint: ""
      - $Type: CustomWidgets$WidgetProperty
        TypePointer:
          Data: 4WBVIoc7r0yRwtHq9X8K1Q==
          Subtype: 0
        Value:
          $Type: CustomWidgets$WidgetValue
          Action:
            $Type: Forms$NoAction
            DisabledDuringExecution: true
          AttributeRef: null
          DataSource: null
          EntityRef: null
          Expression: ""
          Form: ""
          Icon: null
          Microflow: ""
          Nanoflow: ""
          Objects: null
          PrimitiveValue: "false"
          Selection: None
          SourceVariable: null
          TextTemplate: null
          TranslatableValue: null
          TypePointer:
            Data: aYSUidP6MUS91qlZMIPsrg==
            Subtype: 0
          Widgets: null
          XPathConstraint: ""
      - $Type: CustomWidgets$WidgetProperty
        TypePointer:
          Data: yMJCfy9EAUW5u1d2uTWaOg==
          Subtype: 0
        Value:
          $Type: CustomWidgets$WidgetValue
          Action:
            $Type: Forms$NoAction
            DisabledDuringExecution: true
          AttributeRef: null
          DataSource: null
          EntityRef: null
          Expression: ""
          Form: ""
          Icon: null
          Microflow: ""
          Nanoflow: ""
          Objects: null
          PrimitiveValue: ""
          Selection: None
          SourceVariable: null
          TextTemplate: null
          TranslatableValue: null
          TypePointer:
            Data: 2FQq4ieHVEKciPgsBE1XgA==
            Subtype: 0
          Widgets: null
          XPathConstraint: ""
      - $Type: CustomWidgets$WidgetProperty
        TypePointer:
          Data: IUAxrBvTmUC/H2anBHJ2MQ==
          Subtype: 0
        Value:
          $Type: CustomWidgets$WidgetValue
          Action:
            $Type: Forms$NoAction
            DisabledDuringExecution: true
          AttributeRef: null
          DataSource: null
          EntityRef: null
          Expression: ""
          Form: ""
          Icon: null
          Microflow: ""
          Nanoflow: ""
          Objects: null
          PrimitiveValue: action
          Selection: None
          SourceVariable: null
          TextTemplate: null
          TranslatableValue: null
          TypePointer:
            Data: vqQ2vTzJkUOms/AUqdjFaQ==
            Subtype: 0
          Widgets: null
          XPathConstraint: ""
      - $Type: CustomWidgets$WidgetProperty
        TypePointer:
          Data: mmk73xEQWEiAStMZvVpPeQ==
          Subtype: 0
        Value:
          $Type: CustomWidgets$WidgetValue
          Action:
            $Type: Forms$NoAction
            DisabledDuringExecution: true
          AttributeRef: null
          DataSource: null
          EntityRef: null
          Expression: ""
          Form: ""
          Icon: null
          Microflow: ""
          Nanoflow: ""
          Objects: null
          PrimitiveValue: ""
          Selection: None
          SourceVariable: null
          TextTemplate: null
          TranslatableValue: null
          TypePointer:
            Data: MiD3k8JoLEqoF76T3mpsPQ==
            Subtype: 0
          Widgets: null
          XPathConstraint: ""
      - $Type: CustomWidgets$WidgetProperty
        TypePointer:
          Data: ldKnvqM3W0GT0rtMn0ilEw==
          Subtype: 0
        Value:
          $Type: CustomWidgets$WidgetValue
          Action:
            $Type: Forms$NoAction
            DisabledDuringExecution: true
          AttributeRef: null
          DataSource: null
          EntityRef: null
          Expression: ""
          Form: ""
          Icon: null
          Microflow: ""
          Nanoflow: ""
          Objects: null
          PrimitiveValue: ""
          Selection: None
          SourceVariable: null
          TextTemplate:
            $Type: Forms$ClientTemplate
            Fallback:
              $Type: Texts$Text
              Items: null
            Parameters: null
            Template:
              $Type: Texts$Text
              Items: null
          TranslatableValue: null
          TypePointer:
            Data: L0Qb3AXen0mxwNELGXT5WA==
            Subtype: 0
          Widgets: null
          XPathConstraint: ""
      - $Type: CustomWidgets$WidgetProperty
        TypePointer:
          Data: E79AIXQ3OUSNo3OmiNfl7Q==
          Subtype: 0
        Value:
          $Type: CustomWidgets$WidgetValue
          Action:
            $Type: Forms$NoAction
            DisabledDuringExecution: true
          AttributeRef: null
          DataSource: null
          EntityRef: null
          Expression: ""
          Form: ""
          Icon: null
          Microflow: ""
          Nanoflow: ""
          Objects: null
          PrimitiveValue: auto
          Selection: None
          SourceVariable: null
          TextTemplate: null
          TranslatableValue: null
          TypePointer:
            Data: oJAJ5rHcUEi3HJ41vhBr1Q==
            Subtype: 0
          Widgets: null
          XPathConstraint: ""
      - $Type: CustomWidgets$WidgetProperty
        TypePointer:
          Data: gDuQr9fbPkmNnba/SfFOJA==
          Subtype: 0
        Value:
          $Type: CustomWidgets$WidgetValue
          Action:
            $Type: Forms$NoAction
            DisabledDuringExecution: true
          AttributeRef: null
          DataSource: null
          EntityRef: null
          Expression: ""
          Form: ""
          Icon: null
          Microflow: ""
          Nanoflow: ""
          Objects: null
          PrimitiveValue: "100"
          Selection: None
          SourceVariable: null
          TextTemplate: null
          TranslatableValue: null
          TypePointer:
            Data: Y7oTTyj9Lkm5pcP08Qt8xw==
            Subtype: 0
          Widgets: null
          XPathConstraint: ""
      - $Type: CustomWidgets$WidgetProperty
        TypePointer:
          Data: NyayQLfLqUuH1GkZl7LJSg==
          Subtype: 0
        Value:
          $Type: CustomWidgets$WidgetValue
          Action:
            $Type: Forms$NoAction
            DisabledDuringExecution: true
          AttributeRef: null
          DataSource: null
          EntityRef: null
          Expression: ""
          Form: ""
          Icon: null
          Microflow: ""
          Nanoflow: ""
          Objects: null
          PrimitiveValue: auto
          Selection: None
          SourceVariable: null
          TextTemplate: null
          TranslatableValue: null
          TypePointer:
            Data: ZGO8ny+D8kK2Gkl8lqPCjg==
            Subtype: 0
          Widgets: null
          XPathConstraint: ""
      - $Type: CustomWidgets$WidgetProperty
        TypePointer:
          Data: IoYGReezcUmv2Tf1KFEMHA==
          Subtype: 0
        Value:
          $Type: CustomWidgets$WidgetValue
          Action:
            $Type: Forms$NoAction
            DisabledDuringExecution: true
          AttributeRef: null
          DataSource: null
          EntityRef: null
          Expression: ""
          Form: ""
          Icon: null
          Microflow: ""
          Nanoflow: ""
          Objects: null
          PrimitiveValue: "100"
          Selection: None
          SourceVariable: null
          TextTemplate: null
          TranslatableValue: null
          TypePointer:
            Data: 8eIQKR/03kGipkZaNUF/DQ==
            Subtype: 0
          Widgets: null
          XPathConstraint: ""
      - $Type: CustomWidgets$WidgetProperty
        TypePointer:
          Data: HldTNiZ1fkSv3VUqZhWzPQ==
          Subtype: 0
        Value:
          $Type: CustomWidgets$WidgetValue
          Action:
            $Type: Forms$NoAction
            DisabledDuringExecution: true
          AttributeRef: null
          DataSource: null
          EntityRef: null
          Expression: ""
          Form: ""
          Icon: null
          Microflow: ""
          Nanoflow: ""
          Objects: null
          PrimitiveValue: "14"
          Selection: None
          SourceVariable: null
          TextTemplate: null
          TranslatableValue: null
          TypePointer:
            Data: PI8XMkRITkuTgh81zWidNQ==
            Subtype: 0
          Widgets: null
          XPathConstraint: ""
      - $Type: CustomWidgets$WidgetProperty
        TypePointer:
          Data: udJfPvqB9k2KFmgNo2msBQ==
          Subtype: 0
        Value:
          $Type: CustomWidgets$WidgetValue
          Action:
            $Type: Forms$NoAction
            DisabledDuringExecution: true
          AttributeRef: null
          DataSource: null
          EntityRef: null
          Expression: ""
          Form: ""
          Icon: null
          Microflow: ""
          Nanoflow: ""
          Objects: null
          PrimitiveValue: fullImage
          Selection: None
          SourceVariable: null
          TextTemplate: null
          TranslatableValue: null
          TypePointer:
            Data: en5ms7k6eke70cGVMNucEg==
            Subtype: 0
          Widgets: null
          XPathConstraint: ""
      - $Type: CustomWidgets$WidgetProperty
        TypePointer:
          Data: s0sOeblbSUOhOWJzZw08ew==
          Subtype: 0
        Value:
          $Type: CustomWidgets$WidgetValue
          Action:
            $Type: Forms$NoAction
            DisabledDuringExecution: true
          AttributeRef: null
          DataSource: null
          EntityRef: null
          Expression: ""
          Form: ""
          Icon: null
          Microflow: ""
          Nanoflow: ""
          Objects: null
          PrimitiveValue: "true"
          Selection: None
          SourceVariable: null
          TextTemplate: null
          TranslatableValue: null
          TypePointer:
            Data: yt9hEbAYg0qokSn+iWr6hw==
            Subtype: 0
          Widgets: null
          XPathConstraint: ""
      TypePointer:
        Data: wx2aBsltb0ax8iCey78gbA==
        Subtype: 0
    TabIndex: 0
  - $Type: Forms$DivContainer
    Appearance:
      $Type: Forms$Appearance
      Class: card-body
      DesignProperties:
      - $Type: Forms$DesignPropertyValue
        Key: Spacing
        Value:
          $Type: Forms$CompoundDesignPropertyValue
          Properties:
          - $Type: Forms$DesignPropertyValue
            Key: margin-bottom
            Value:
              $Type: Forms$OptionDesignPropertyValue
              Option: L
      DynamicClasses: ""
      Style: ""
    ConditionalVisibilitySettings: null
    Name: container1
    NativeAccessibilitySettings: null
    OnClickAction:
      $Type: Forms$NoAction
      DisabledDuringExecution: true
    RenderMode: Div
    ScreenReaderHidden: false
    TabIndex: 0
    Widgets:
    - $Type: Forms$DynamicText
      Appearance:
        $Type: Forms$Appearance
        Class: card-title
        DesignProperties:
        - $Type: Forms$DesignPropertyValue
          Key: Spacing
          Value:
            $Type: Forms$CompoundDesignPropertyValue
            Properties:
            - $Type: Forms$DesignPropertyValue
              Key: margin-bottom
              Value:
                $Type: Forms$OptionDesignPropertyValue
                Option: S
        DynamicClasses: ""
        Style: ""
      ConditionalVisibilitySettings: null
      Content:
        $Type: Forms$ClientTemplate
        Fallback:
          $Type: Texts$Text
          Items: null
        Parameters: null
        Template:
          $Type: Texts$Text
          Items:
          - $Type: Texts$Translation
            LanguageCode: en_US
            Text: Card title
      Name: text23
      NativeAccessibilitySettings: null
      NativeTextStyle: Text
      RenderMode: H4
      TabIndex: 0
    - $Type: Forms$DynamicText
      Appearance:
        $Type: Forms$Appearance
        Class: ""
        DesignProperties:
        - $Type: Forms$DesignPropertyValue
          Key: Spacing
          Value:
            $Type: Forms$CompoundDesignPropertyValue
            Properties:
            - $Type: Forms$DesignPropertyValue
              Key: margin-bottom
              Value:
                $Type: Forms$OptionDesignPropertyValue
                Option: None
        DynamicClasses: ""
        Style: ""
      ConditionalVisibilitySettings: null
      Content:
        $Type: Forms$ClientTemplate
        Fallback:
          $Type: Texts$Text
          Items: null
        Parameters: null
        Template:
          $Type: Texts$Text
          Items:
          - $Type: Texts$Translation
            LanguageCode: en_US
            Text: Supporting text
      Name: text24
      NativeAccessibilitySettings: null
      NativeTextStyle: Text
      RenderMode: Paragraph
      TabIndex: 0
