$Type: Forms$BuildingBlock
CanvasHeight: 600
CanvasWidth: 800
DisplayName: Card action with image
Documentation: ""
DocumentationUrl: '{{atlasUrl}}/p/card'
Excluded: false
ExportLevel: Hidden
Name: Card_ActionWithImage
Platform: Web
TemplateCategory: Cards
TemplateCategoryWeight: 30
Widgets:
- $Type: Forms$DivContainer
  Appearance:
    $Type: Forms$Appearance
    Class: card
    DesignProperties:
    - $Type: Forms$DesignPropertyValue
      Key: Spacing
      Value:
        $Type: Forms$CompoundDesignPropertyValue
        Properties:
        - $Type: Forms$DesignPropertyValue
          Key: margin-bottom
          Value:
            $Type: Forms$OptionDesignPropertyValue
            Option: L
    DynamicClasses: ""
    Style: ""
  ConditionalVisibilitySettings: null
  Name: container2
  NativeAccessibilitySettings: null
  OnClickAction:
    $Type: Forms$NoAction
    DisabledDuringExecution: true
  RenderMode: Div
  ScreenReaderHidden: false
  TabIndex: 0
  Widgets:
  - $Type: CustomWidgets$CustomWidget
    Appearance:
      $Type: Forms$Appearance
      Class: card-image
      DesignProperties: null
      DynamicClasses: ""
      Style: ""
    ConditionalEditabilitySettings: null
    ConditionalVisibilitySettings: null
    Editable: Always
    LabelTemplate: null
    Name: image1
    Object:
      $Type: CustomWidgets$WidgetObject
      Properties:
      - $Type: CustomWidgets$WidgetProperty
        TypePointer:
          Data: sWSXNFDhGEyLiicQpgMZ/Q==
          Subtype: 0
        Value:
          $Type: CustomWidgets$WidgetValue
          Action:
            $Type: Forms$NoAction
            DisabledDuringExecution: true
          AttributeRef: null
          DataSource: null
          EntityRef: null
          Expression: ""
          Form: ""
          Icon: null
          Microflow: ""
          Nanoflow: ""
          Objects: null
          PrimitiveValue: image
          Selection: None
          SourceVariable: null
          TextTemplate: null
          TranslatableValue: null
          TypePointer:
            Data: nHlRD1A31UWBOftmGvqcwg==
            Subtype: 0
          Widgets: null
          XPathConstraint: ""
      - $Type: CustomWidgets$WidgetProperty
        TypePointer:
          Data: EN3WdRUcp0WwxNKZTVwvoA==
          Subtype: 0
        Value:
          $Type: CustomWidgets$WidgetValue
          Action:
            $Type: Forms$NoAction
            DisabledDuringExecution: true
          AttributeRef: null
          DataSource: null
          EntityRef: null
          Expression: ""
          Form: ""
          Icon: null
          Microflow: ""
          Nanoflow: ""
          Objects: null
          PrimitiveValue: ""
          Selection: None
          SourceVariable: null
          TextTemplate: null
          TranslatableValue: null
          TypePointer:
            Data: GnDivuWRoU6FmCeBnOccxg==
            Subtype: 0
          Widgets: null
          XPathConstraint: ""
      - $Type: CustomWidgets$WidgetProperty
        TypePointer:
          Data: fbAw/pVcOESnkUhFFKc8aA==
          Subtype: 0
        Value:
          $Type: CustomWidgets$WidgetValue
          Action:
            $Type: Forms$NoAction
            DisabledDuringExecution: true
          AttributeRef: null
          DataSource: null
          EntityRef: null
          Expression: ""
          Form: ""
          Icon: null
          Microflow: ""
          Nanoflow: ""
          Objects: null
          PrimitiveValue: ""
          Selection: None
          SourceVariable: null
          TextTemplate: null
          TranslatableValue: null
          TypePointer:
            Data: i2io/biXYEK5Je0sbP6DSQ==
            Subtype: 0
          Widgets: null
          XPathConstraint: ""
      - $Type: CustomWidgets$WidgetProperty
        TypePointer:
          Data: JIzX6Gfx2ECPNtfxx/6GBQ==
          Subtype: 0
        Value:
          $Type: CustomWidgets$WidgetValue
          Action:
            $Type: Forms$NoAction
            DisabledDuringExecution: true
          AttributeRef: null
          DataSource: null
          EntityRef: null
          Expression: ""
          Form: ""
          Icon: null
          Microflow: ""
          Nanoflow: ""
          Objects: null
          PrimitiveValue: ""
          Selection: None
          SourceVariable: null
          TextTemplate:
            $Type: Forms$ClientTemplate
            Fallback:
              $Type: Texts$Text
              Items: null
            Parameters: null
            Template:
              $Type: Texts$Text
              Items: null
          TranslatableValue: null
          TypePointer:
            Data: yQ1NQnaQMkG9NhMBV7Fm/w==
            Subtype: 0
          Widgets: null
          XPathConstraint: ""
      - $Type: CustomWidgets$WidgetProperty
        TypePointer:
          Data: aatJcwTAJU+CJHKjIBY7jw==
          Subtype: 0
        Value:
          $Type: CustomWidgets$WidgetValue
          Action:
            $Type: Forms$NoAction
            DisabledDuringExecution: true
          AttributeRef: null
          DataSource: null
          EntityRef: null
          Expression: ""
          Form: ""
          Icon: null
          Microflow: ""
          Nanoflow: ""
          Objects: null
          PrimitiveValue: ""
          Selection: None
          SourceVariable: null
          TextTemplate: null
          TranslatableValue: null
          TypePointer:
            Data: eA/TgXwvXkS+T6c3QkPYrw==
            Subtype: 0
          Widgets: null
          XPathConstraint: ""
      - $Type: CustomWidgets$WidgetProperty
        TypePointer:
          Data: Zbt3EHBQO0ax9D2tyW+HHA==
          Subtype: 0
        Value:
          $Type: CustomWidgets$WidgetValue
          Action:
            $Type: Forms$NoAction
            DisabledDuringExecution: true
          AttributeRef: null
          DataSource: null
          EntityRef: null
          Expression: ""
          Form: ""
          Icon: null
          Microflow: ""
          Nanoflow: ""
          Objects: null
          PrimitiveValue: "false"
          Selection: None
          SourceVariable: null
          TextTemplate: null
          TranslatableValue: null
          TypePointer:
            Data: GrZRxa2SnkKtReUV2dbKTg==
            Subtype: 0
          Widgets: null
          XPathConstraint: ""
      - $Type: CustomWidgets$WidgetProperty
        TypePointer:
          Data: M182LLJ+xkqYwbifgE2BTw==
          Subtype: 0
        Value:
          $Type: CustomWidgets$WidgetValue
          Action:
            $Type: Forms$NoAction
            DisabledDuringExecution: true
          AttributeRef: null
          DataSource: null
          EntityRef: null
          Expression: ""
          Form: ""
          Icon: null
          Microflow: ""
          Nanoflow: ""
          Objects: null
          PrimitiveValue: ""
          Selection: None
          SourceVariable: null
          TextTemplate: null
          TranslatableValue: null
          TypePointer:
            Data: 53W1+kfyJE2p25sXkx0pHg==
            Subtype: 0
          Widgets: null
          XPathConstraint: ""
      - $Type: CustomWidgets$WidgetProperty
        TypePointer:
          Data: vVvEkfjp4UyNrS/QTZj7rQ==
          Subtype: 0
        Value:
          $Type: CustomWidgets$WidgetValue
          Action:
            $Type: Forms$NoAction
            DisabledDuringExecution: true
          AttributeRef: null
          DataSource: null
          EntityRef: null
          Expression: ""
          Form: ""
          Icon: null
          Microflow: ""
          Nanoflow: ""
          Objects: null
          PrimitiveValue: action
          Selection: None
          SourceVariable: null
          TextTemplate: null
          TranslatableValue: null
          TypePointer:
            Data: mp6+3o+MwEuZ6hye6091Wg==
            Subtype: 0
          Widgets: null
          XPathConstraint: ""
      - $Type: CustomWidgets$WidgetProperty
        TypePointer:
          Data: YLuJVVn8eEydgKnIl+Ez1A==
          Subtype: 0
        Value:
          $Type: CustomWidgets$WidgetValue
          Action:
            $Type: Forms$NoAction
            DisabledDuringExecution: true
          AttributeRef: null
          DataSource: null
          EntityRef: null
          Expression: ""
          Form: ""
          Icon: null
          Microflow: ""
          Nanoflow: ""
          Objects: null
          PrimitiveValue: ""
          Selection: None
          SourceVariable: null
          TextTemplate: null
          TranslatableValue: null
          TypePointer:
            Data: DeT3B+Ol2EOnLMdfpgkQ5A==
            Subtype: 0
          Widgets: null
          XPathConstraint: ""
      - $Type: CustomWidgets$WidgetProperty
        TypePointer:
          Data: 6THViHQNcUCbEErrYHpvAQ==
          Subtype: 0
        Value:
          $Type: CustomWidgets$WidgetValue
          Action:
            $Type: Forms$NoAction
            DisabledDuringExecution: true
          AttributeRef: null
          DataSource: null
          EntityRef: null
          Expression: ""
          Form: ""
          Icon: null
          Microflow: ""
          Nanoflow: ""
          Objects: null
          PrimitiveValue: ""
          Selection: None
          SourceVariable: null
          TextTemplate:
            $Type: Forms$ClientTemplate
            Fallback:
              $Type: Texts$Text
              Items: null
            Parameters: null
            Template:
              $Type: Texts$Text
              Items: null
          TranslatableValue: null
          TypePointer:
            Data: /nmZvctBz0GdDG+YU565pg==
            Subtype: 0
          Widgets: null
          XPathConstraint: ""
      - $Type: CustomWidgets$WidgetProperty
        TypePointer:
          Data: 2+twnAvbh06le/IHrPcqtQ==
          Subtype: 0
        Value:
          $Type: CustomWidgets$WidgetValue
          Action:
            $Type: Forms$NoAction
            DisabledDuringExecution: true
          AttributeRef: null
          DataSource: null
          EntityRef: null
          Expression: ""
          Form: ""
          Icon: null
          Microflow: ""
          Nanoflow: ""
          Objects: null
          PrimitiveValue: auto
          Selection: None
          SourceVariable: null
          TextTemplate: null
          TranslatableValue: null
          TypePointer:
            Data: WpvN9cKhFEChWhLRrOyrMg==
            Subtype: 0
          Widgets: null
          XPathConstraint: ""
      - $Type: CustomWidgets$WidgetProperty
        TypePointer:
          Data: eYLTtwrdfk+2R/TDzycXPw==
          Subtype: 0
        Value:
          $Type: CustomWidgets$WidgetValue
          Action:
            $Type: Forms$NoAction
            DisabledDuringExecution: true
          AttributeRef: null
          DataSource: null
          EntityRef: null
          Expression: ""
          Form: ""
          Icon: null
          Microflow: ""
          Nanoflow: ""
          Objects: null
          PrimitiveValue: "100"
          Selection: None
          SourceVariable: null
          TextTemplate: null
          TranslatableValue: null
          TypePointer:
            Data: k0WVCV4VVUmREgexeqHzMA==
            Subtype: 0
          Widgets: null
          XPathConstraint: ""
      - $Type: CustomWidgets$WidgetProperty
        TypePointer:
          Data: f4KrDBcHbkCh8v5oNnRMWw==
          Subtype: 0
        Value:
          $Type: CustomWidgets$WidgetValue
          Action:
            $Type: Forms$NoAction
            DisabledDuringExecution: true
          AttributeRef: null
          DataSource: null
          EntityRef: null
          Expression: ""
          Form: ""
          Icon: null
          Microflow: ""
          Nanoflow: ""
          Objects: null
          PrimitiveValue: auto
          Selection: None
          SourceVariable: null
          TextTemplate: null
          TranslatableValue: null
          TypePointer:
            Data: cTGE3YE/YUySMdI9qoIWXg==
            Subtype: 0
          Widgets: null
          XPathConstraint: ""
      - $Type: CustomWidgets$WidgetProperty
        TypePointer:
          Data: I+QdOGsbMkWSqiXZ2aAnWg==
          Subtype: 0
        Value:
          $Type: CustomWidgets$WidgetValue
          Action:
            $Type: Forms$NoAction
            DisabledDuringExecution: true
          AttributeRef: null
          DataSource: null
          EntityRef: null
          Expression: ""
          Form: ""
          Icon: null
          Microflow: ""
          Nanoflow: ""
          Objects: null
          PrimitiveValue: "100"
          Selection: None
          SourceVariable: null
          TextTemplate: null
          TranslatableValue: null
          TypePointer:
            Data: HzkWcCPYEUeeGvn91cNv3A==
            Subtype: 0
          Widgets: null
          XPathConstraint: ""
      - $Type: CustomWidgets$WidgetProperty
        TypePointer:
          Data: x/bizW8+UkeBE78SQDWPAQ==
          Subtype: 0
        Value:
          $Type: CustomWidgets$WidgetValue
          Action:
            $Type: Forms$NoAction
            DisabledDuringExecution: true
          AttributeRef: null
          DataSource: null
          EntityRef: null
          Expression: ""
          Form: ""
          Icon: null
          Microflow: ""
          Nanoflow: ""
          Objects: null
          PrimitiveValue: "14"
          Selection: None
          SourceVariable: null
          TextTemplate: null
          TranslatableValue: null
          TypePointer:
            Data: tJpQTpxZfUG/NWg2P33BaQ==
            Subtype: 0
          Widgets: null
          XPathConstraint: ""
      - $Type: CustomWidgets$WidgetProperty
        TypePointer:
          Data: sqok+/A4AUiw/yES2/zOmA==
          Subtype: 0
        Value:
          $Type: CustomWidgets$WidgetValue
          Action:
            $Type: Forms$NoAction
            DisabledDuringExecution: true
          AttributeRef: null
          DataSource: null
          EntityRef: null
          Expression: ""
          Form: ""
          Icon: null
          Microflow: ""
          Nanoflow: ""
          Objects: null
          PrimitiveValue: fullImage
          Selection: None
          SourceVariable: null
          TextTemplate: null
          TranslatableValue: null
          TypePointer:
            Data: 9HbzPG7sEEafplGVZwubQA==
            Subtype: 0
          Widgets: null
          XPathConstraint: ""
      - $Type: CustomWidgets$WidgetProperty
        TypePointer:
          Data: 13MtQu6IT0+ajKBlT8dU7w==
          Subtype: 0
        Value:
          $Type: CustomWidgets$WidgetValue
          Action:
            $Type: Forms$NoAction
            DisabledDuringExecution: true
          AttributeRef: null
          DataSource: null
          EntityRef: null
          Expression: ""
          Form: ""
          Icon: null
          Microflow: ""
          Nanoflow: ""
          Objects: null
          PrimitiveValue: "true"
          Selection: None
          SourceVariable: null
          TextTemplate: null
          TranslatableValue: null
          TypePointer:
            Data: oTK+FgUfrEKYtcLHCOmTWg==
            Subtype: 0
          Widgets: null
          XPathConstraint: ""
      TypePointer:
        Data: ZJpVf7Bi/UC334oIfPpFsQ==
        Subtype: 0
    TabIndex: 0
  - $Type: Forms$LayoutGrid
    Appearance:
      $Type: Forms$Appearance
      Class: card-body
      DesignProperties:
      - $Type: Forms$DesignPropertyValue
        Key: Spacing
        Value:
          $Type: Forms$CompoundDesignPropertyValue
          Properties:
          - $Type: Forms$DesignPropertyValue
            Key: margin-bottom
            Value:
              $Type: Forms$OptionDesignPropertyValue
              Option: L
      DynamicClasses: ""
      Style: ""
    ConditionalVisibilitySettings: null
    Name: layoutGrid1
    Rows:
    - $Type: Forms$LayoutGridRow
      Appearance:
        $Type: Forms$Appearance
        Class: ""
        DesignProperties: null
        DynamicClasses: ""
        Style: ""
      Columns:
      - $Type: Forms$LayoutGridColumn
        Appearance:
          $Type: Forms$Appearance
          Class: ""
          DesignProperties: null
          DynamicClasses: ""
          Style: ""
        PhoneWeight: -1
        PreviewWidth: -1
        TabletWeight: -1
        VerticalAlignment: Center
        Weight: -1
        Widgets:
        - $Type: Forms$DynamicText
          Appearance:
            $Type: Forms$Appearance
            Class: card-title
            DesignProperties:
            - $Type: Forms$DesignPropertyValue
              Key: Spacing
              Value:
                $Type: Forms$CompoundDesignPropertyValue
                Properties:
                - $Type: Forms$DesignPropertyValue
                  Key: margin-bottom
                  Value:
                    $Type: Forms$OptionDesignPropertyValue
                    Option: S
            DynamicClasses: ""
            Style: ""
          ConditionalVisibilitySettings: null
          Content:
            $Type: Forms$ClientTemplate
            Fallback:
              $Type: Texts$Text
              Items: null
            Parameters: null
            Template:
              $Type: Texts$Text
              Items:
              - $Type: Texts$Translation
                LanguageCode: en_US
                Text: Card title
          Name: text21
          NativeAccessibilitySettings: null
          NativeTextStyle: Text
          RenderMode: H4
          TabIndex: 0
        - $Type: Forms$DynamicText
          Appearance:
            $Type: Forms$Appearance
            Class: ""
            DesignProperties:
            - $Type: Forms$DesignPropertyValue
              Key: Spacing
              Value:
                $Type: Forms$CompoundDesignPropertyValue
                Properties:
                - $Type: Forms$DesignPropertyValue
                  Key: margin-bottom
                  Value:
                    $Type: Forms$OptionDesignPropertyValue
                    Option: None
            DynamicClasses: ""
            Style: ""
          ConditionalVisibilitySettings: null
          Content:
            $Type: Forms$ClientTemplate
            Fallback:
              $Type: Texts$Text
              Items: null
            Parameters: null
            Template:
              $Type: Texts$Text
              Items:
              - $Type: Texts$Translation
                LanguageCode: en_US
                Text: Supporting text
          Name: text22
          NativeAccessibilitySettings: null
          NativeTextStyle: Text
          RenderMode: Paragraph
          TabIndex: 0
      - $Type: Forms$LayoutGridColumn
        Appearance:
          $Type: Forms$Appearance
          Class: ""
          DesignProperties: null
          DynamicClasses: ""
          Style: ""
        PhoneWeight: -2
        PreviewWidth: -1
        TabletWeight: -2
        VerticalAlignment: Center
        Weight: -2
        Widgets:
        - $Type: Forms$ActionButton
          Action:
            $Type: Forms$NoAction
            DisabledDuringExecution: true
          Appearance:
            $Type: Forms$Appearance
            Class: ""
            DesignProperties: null
            DynamicClasses: ""
            Style: ""
          AriaRole: Button
          ButtonStyle: Default
          CaptionTemplate:
            $Type: Forms$ClientTemplate
            Fallback:
              $Type: Texts$Text
              Items: null
            Parameters: null
            Template:
              $Type: Texts$Text
              Items:
              - $Type: Texts$Translation
                LanguageCode: en_US
                Text: ""
          ConditionalVisibilitySettings: null
          Icon:
            $Type: Forms$IconCollectionIcon
          Name: actionButton3
          NativeAccessibilitySettings: null
          RenderType: Link
          TabIndex: 0
          Tooltip:
            $Type: Texts$Text
            Items:
            - $Type: Texts$Translation
              LanguageCode: en_US
              Text: Menu Right Icon
      ConditionalVisibilitySettings: null
      HorizontalAlignment: None
      SpacingBetweenColumns: true
      VerticalAlignment: None
    TabIndex: 0
    Width: FullWidth
