$Type: Forms$BuildingBlock
CanvasHeight: 600
CanvasWidth: 800
DisplayName: Timeline with image
Documentation: ""
DocumentationUrl: '{{atlasUrl}}/p/timeline'
Excluded: false
ExportLevel: Hidden
Name: Timeline_WithImage
Platform: Web
TemplateCategory: Timeline
TemplateCategoryWeight: 120
Widgets:
- $Type: Forms$DivContainer
  Appearance:
    $Type: Forms$Appearance
    Class: timeline timeline-with-image
    DesignProperties: null
    DynamicClasses: ""
    Style: ""
  ConditionalVisibilitySettings: null
  Name: container2
  NativeAccessibilitySettings: null
  OnClickAction:
    $Type: Forms$NoAction
    DisabledDuringExecution: true
  RenderMode: Div
  ScreenReaderHidden: false
  TabIndex: 0
  Widgets:
  - $Type: CustomWidgets$CustomWidget
    Appearance:
      $Type: Forms$Appearance
      Class: ""
      DesignProperties: null
      DynamicClasses: ""
      Style: ""
    ConditionalEditabilitySettings: null
    ConditionalVisibilitySettings: null
    Editable: Always
    LabelTemplate: null
    Name: timeline2
    Object:
      $Type: CustomWidgets$WidgetObject
      Properties:
      - $Type: CustomWidgets$WidgetProperty
        TypePointer:
          Data: pfLeXJXMeU6To3iSFlWiNQ==
          Subtype: 0
        Value:
          $Type: CustomWidgets$WidgetValue
          Action:
            $Type: Forms$NoAction
            DisabledDuringExecution: true
          AttributeRef: null
          DataSource:
            $Type: CustomWidgets$CustomWidgetXPathSource
            EntityRef: null
            ForceFullObjects: false
            SortBar:
              $Type: Forms$GridSortBar
              SortItems: null
            SourceVariable: null
            XPathConstraint: ""
          EntityRef: null
          Expression: ""
          Form: ""
          Icon: null
          Microflow: ""
          Nanoflow: ""
          Objects: null
          PrimitiveValue: ""
          Selection: None
          SourceVariable: null
          TextTemplate: null
          TranslatableValue: null
          TypePointer:
            Data: +9AIuoWlH0CuUC+NlqRgNg==
            Subtype: 0
          Widgets: null
          XPathConstraint: ""
      - $Type: CustomWidgets$WidgetProperty
        TypePointer:
          Data: cqDMttdOyUiFtXDHcJrSwQ==
          Subtype: 0
        Value:
          $Type: CustomWidgets$WidgetValue
          Action:
            $Type: Forms$NoAction
            DisabledDuringExecution: true
          AttributeRef: null
          DataSource: null
          EntityRef: null
          Expression: ""
          Form: ""
          Icon: null
          Microflow: ""
          Nanoflow: ""
          Objects: null
          PrimitiveValue: ""
          Selection: None
          SourceVariable: null
          TextTemplate:
            $Type: Forms$ClientTemplate
            Fallback:
              $Type: Texts$Text
              Items: null
            Parameters: null
            Template:
              $Type: Texts$Text
              Items: null
          TranslatableValue: null
          TypePointer:
            Data: 0ZrvvARj4Eq1fAJ/7GhhRA==
            Subtype: 0
          Widgets: null
          XPathConstraint: ""
      - $Type: CustomWidgets$WidgetProperty
        TypePointer:
          Data: CvzzN4+HGUGFUXUd6U+1fw==
          Subtype: 0
        Value:
          $Type: CustomWidgets$WidgetValue
          Action:
            $Type: Forms$NoAction
            DisabledDuringExecution: true
          AttributeRef: null
          DataSource: null
          EntityRef: null
          Expression: ""
          Form: ""
          Icon: null
          Microflow: ""
          Nanoflow: ""
          Objects: null
          PrimitiveValue: ""
          Selection: None
          SourceVariable: null
          TextTemplate:
            $Type: Forms$ClientTemplate
            Fallback:
              $Type: Texts$Text
              Items: null
            Parameters: null
            Template:
              $Type: Texts$Text
              Items: null
          TranslatableValue: null
          TypePointer:
            Data: STVZDq1UTEW8MgcIyhXqcg==
            Subtype: 0
          Widgets: null
          XPathConstraint: ""
      - $Type: CustomWidgets$WidgetProperty
        TypePointer:
          Data: RhVPWsYJska7/MXJfpWwuw==
          Subtype: 0
        Value:
          $Type: CustomWidgets$WidgetValue
          Action:
            $Type: Forms$NoAction
            DisabledDuringExecution: true
          AttributeRef: null
          DataSource: null
          EntityRef: null
          Expression: ""
          Form: ""
          Icon: null
          Microflow: ""
          Nanoflow: ""
          Objects: null
          PrimitiveValue: ""
          Selection: None
          SourceVariable: null
          TextTemplate:
            $Type: Forms$ClientTemplate
            Fallback:
              $Type: Texts$Text
              Items: null
            Parameters: null
            Template:
              $Type: Texts$Text
              Items: null
          TranslatableValue: null
          TypePointer:
            Data: dP1TLlfyMEeesPXTYczRLA==
            Subtype: 0
          Widgets: null
          XPathConstraint: ""
      - $Type: CustomWidgets$WidgetProperty
        TypePointer:
          Data: Uqiec2r1kE2ceHjr+HXkEg==
          Subtype: 0
        Value:
          $Type: CustomWidgets$WidgetValue
          Action:
            $Type: Forms$NoAction
            DisabledDuringExecution: true
          AttributeRef: null
          DataSource: null
          EntityRef: null
          Expression: ""
          Form: ""
          Icon: null
          Microflow: ""
          Nanoflow: ""
          Objects: null
          PrimitiveValue: "true"
          Selection: None
          SourceVariable: null
          TextTemplate: null
          TranslatableValue: null
          TypePointer:
            Data: n207iSzH0ESEa7Kjwsq70w==
            Subtype: 0
          Widgets: null
          XPathConstraint: ""
      - $Type: CustomWidgets$WidgetProperty
        TypePointer:
          Data: CmbfHGBZNEekl3oXfELzcw==
          Subtype: 0
        Value:
          $Type: CustomWidgets$WidgetValue
          Action:
            $Type: Forms$NoAction
            DisabledDuringExecution: true
          AttributeRef: null
          DataSource: null
          EntityRef: null
          Expression: ""
          Form: ""
          Icon: null
          Microflow: ""
          Nanoflow: ""
          Objects: null
          PrimitiveValue: ""
          Selection: None
          SourceVariable: null
          TextTemplate: null
          TranslatableValue: null
          TypePointer:
            Data: dhHkWj2f/0+djOLV2hXBzQ==
            Subtype: 0
          Widgets: null
          XPathConstraint: ""
      - $Type: CustomWidgets$WidgetProperty
        TypePointer:
          Data: ZQ2FeRPnaEmlwd/DIKSd5w==
          Subtype: 0
        Value:
          $Type: CustomWidgets$WidgetValue
          Action:
            $Type: Forms$NoAction
            DisabledDuringExecution: true
          AttributeRef: null
          DataSource: null
          EntityRef: null
          Expression: ""
          Form: ""
          Icon: null
          Microflow: ""
          Nanoflow: ""
          Objects: null
          PrimitiveValue: "true"
          Selection: None
          SourceVariable: null
          TextTemplate: null
          TranslatableValue: null
          TypePointer:
            Data: e2zcIVooI0Ka+ZMgatA2GA==
            Subtype: 0
          Widgets: null
          XPathConstraint: ""
      - $Type: CustomWidgets$WidgetProperty
        TypePointer:
          Data: FgmIZPUeN0abfDtiGMJDag==
          Subtype: 0
        Value:
          $Type: CustomWidgets$WidgetValue
          Action:
            $Type: Forms$NoAction
            DisabledDuringExecution: true
          AttributeRef: null
          DataSource: null
          EntityRef: null
          Expression: ""
          Form: ""
          Icon: null
          Microflow: ""
          Nanoflow: ""
          Objects: null
          PrimitiveValue: ""
          Selection: None
          SourceVariable: null
          TextTemplate: null
          TranslatableValue: null
          TypePointer:
            Data: BCREL03XZEa0hdJSg8CSfQ==
            Subtype: 0
          Widgets: null
          XPathConstraint: ""
      - $Type: CustomWidgets$WidgetProperty
        TypePointer:
          Data: 431a9YjE2Ey3jhon4gFCpw==
          Subtype: 0
        Value:
          $Type: CustomWidgets$WidgetValue
          Action:
            $Type: Forms$NoAction
            DisabledDuringExecution: true
          AttributeRef: null
          DataSource: null
          EntityRef: null
          Expression: ""
          Form: ""
          Icon: null
          Microflow: ""
          Nanoflow: ""
          Objects: null
          PrimitiveValue: day
          Selection: None
          SourceVariable: null
          TextTemplate: null
          TranslatableValue: null
          TypePointer:
            Data: RWPxeWp4F0iUD8UJg6vemA==
            Subtype: 0
          Widgets: null
          XPathConstraint: ""
      - $Type: CustomWidgets$WidgetProperty
        TypePointer:
          Data: UBm/BTtH3UihE+JETPD3Pw==
          Subtype: 0
        Value:
          $Type: CustomWidgets$WidgetValue
          Action:
            $Type: Forms$NoAction
            DisabledDuringExecution: true
          AttributeRef: null
          DataSource: null
          EntityRef: null
          Expression: ""
          Form: ""
          Icon: null
          Microflow: ""
          Nanoflow: ""
          Objects: null
          PrimitiveValue: dayName
          Selection: None
          SourceVariable: null
          TextTemplate: null
          TranslatableValue: null
          TypePointer:
            Data: RHJiPG/84U2b6TGaD14CSg==
            Subtype: 0
          Widgets: null
          XPathConstraint: ""
      - $Type: CustomWidgets$WidgetProperty
        TypePointer:
          Data: EZhl7wQc3UW47CC5qWgIfA==
          Subtype: 0
        Value:
          $Type: CustomWidgets$WidgetValue
          Action:
            $Type: Forms$NoAction
            DisabledDuringExecution: true
          AttributeRef: null
          DataSource: null
          EntityRef: null
          Expression: ""
          Form: ""
          Icon: null
          Microflow: ""
          Nanoflow: ""
          Objects: null
          PrimitiveValue: month
          Selection: None
          SourceVariable: null
          TextTemplate: null
          TranslatableValue: null
          TypePointer:
            Data: iXlIWL73dESVsZldBCR+8w==
            Subtype: 0
          Widgets: null
          XPathConstraint: ""
      - $Type: CustomWidgets$WidgetProperty
        TypePointer:
          Data: Nd/8EerbdE24Ls2/bBRXjA==
          Subtype: 0
        Value:
          $Type: CustomWidgets$WidgetValue
          Action:
            $Type: Forms$NoAction
            DisabledDuringExecution: true
          AttributeRef: null
          DataSource: null
          EntityRef: null
          Expression: ""
          Form: ""
          Icon: null
          Microflow: ""
          Nanoflow: ""
          Objects: null
          PrimitiveValue: end
          Selection: None
          SourceVariable: null
          TextTemplate: null
          TranslatableValue: null
          TypePointer:
            Data: 3hyqYW9p5Euw4ovb72FluQ==
            Subtype: 0
          Widgets: null
          XPathConstraint: ""
      - $Type: CustomWidgets$WidgetProperty
        TypePointer:
          Data: IW6xSQP3L0yasl/ryQZ+OA==
          Subtype: 0
        Value:
          $Type: CustomWidgets$WidgetValue
          Action:
            $Type: Forms$NoAction
            DisabledDuringExecution: true
          AttributeRef: null
          DataSource: null
          EntityRef: null
          Expression: ""
          Form: ""
          Icon: null
          Microflow: ""
          Nanoflow: ""
          Objects: null
          PrimitiveValue: ""
          Selection: None
          SourceVariable: null
          TextTemplate: null
          TranslatableValue: null
          TypePointer:
            Data: 4/zz8U15qEuqQwIq6pmK/w==
            Subtype: 0
          Widgets:
          - $Type: CustomWidgets$CustomWidget
            Appearance:
              $Type: Forms$Appearance
              Class: ""
              DesignProperties: null
              DynamicClasses: ""
              Style: ""
            ConditionalEditabilitySettings: null
            ConditionalVisibilitySettings: null
            Editable: Always
            LabelTemplate: null
            Name: image2
            Object:
              $Type: CustomWidgets$WidgetObject
              Properties:
              - $Type: CustomWidgets$WidgetProperty
                TypePointer:
                  Data: 8BnRm3IKp0a4D2fGb8c0yA==
                  Subtype: 0
                Value:
                  $Type: CustomWidgets$WidgetValue
                  Action:
                    $Type: Forms$NoAction
                    DisabledDuringExecution: true
                  AttributeRef: null
                  DataSource: null
                  EntityRef: null
                  Expression: ""
                  Form: ""
                  Icon: null
                  Microflow: ""
                  Nanoflow: ""
                  Objects: null
                  PrimitiveValue: image
                  Selection: None
                  SourceVariable: null
                  TextTemplate: null
                  TranslatableValue: null
                  TypePointer:
                    Data: ULcjpn7WpkidEXgq5UcfZQ==
                    Subtype: 0
                  Widgets: null
                  XPathConstraint: ""
              - $Type: CustomWidgets$WidgetProperty
                TypePointer:
                  Data: tMfkqgza7kW3glrq4JC0Zw==
                  Subtype: 0
                Value:
                  $Type: CustomWidgets$WidgetValue
                  Action:
                    $Type: Forms$NoAction
                    DisabledDuringExecution: true
                  AttributeRef: null
                  DataSource: null
                  EntityRef: null
                  Expression: ""
                  Form: ""
                  Icon: null
                  Microflow: ""
                  Nanoflow: ""
                  Objects: null
                  PrimitiveValue: ""
                  Selection: None
                  SourceVariable: null
                  TextTemplate: null
                  TranslatableValue: null
                  TypePointer:
                    Data: 5okW6DLlikuDODxKKOuceA==
                    Subtype: 0
                  Widgets: null
                  XPathConstraint: ""
              - $Type: CustomWidgets$WidgetProperty
                TypePointer:
                  Data: gzbictrc20SQC1ymFPkqTw==
                  Subtype: 0
                Value:
                  $Type: CustomWidgets$WidgetValue
                  Action:
                    $Type: Forms$NoAction
                    DisabledDuringExecution: true
                  AttributeRef: null
                  DataSource: null
                  EntityRef: null
                  Expression: ""
                  Form: ""
                  Icon: null
                  Microflow: ""
                  Nanoflow: ""
                  Objects: null
                  PrimitiveValue: ""
                  Selection: None
                  SourceVariable: null
                  TextTemplate: null
                  TranslatableValue: null
                  TypePointer:
                    Data: 2QIXqBDlUk2EcPUK9LL92g==
                    Subtype: 0
                  Widgets: null
                  XPathConstraint: ""
              - $Type: CustomWidgets$WidgetProperty
                TypePointer:
                  Data: YUPvk28XwkWGvcGUA9cAJA==
                  Subtype: 0
                Value:
                  $Type: CustomWidgets$WidgetValue
                  Action:
                    $Type: Forms$NoAction
                    DisabledDuringExecution: true
                  AttributeRef: null
                  DataSource: null
                  EntityRef: null
                  Expression: ""
                  Form: ""
                  Icon: null
                  Microflow: ""
                  Nanoflow: ""
                  Objects: null
                  PrimitiveValue: ""
                  Selection: None
                  SourceVariable: null
                  TextTemplate:
                    $Type: Forms$ClientTemplate
                    Fallback:
                      $Type: Texts$Text
                      Items: null
                    Parameters: null
                    Template:
                      $Type: Texts$Text
                      Items: null
                  TranslatableValue: null
                  TypePointer:
                    Data: wTQTV0QhHUqqwNfCEbQyuw==
                    Subtype: 0
                  Widgets: null
                  XPathConstraint: ""
              - $Type: CustomWidgets$WidgetProperty
                TypePointer:
                  Data: C8PaKIyyJk+cbVPuqgoqrA==
                  Subtype: 0
                Value:
                  $Type: CustomWidgets$WidgetValue
                  Action:
                    $Type: Forms$NoAction
                    DisabledDuringExecution: true
                  AttributeRef: null
                  DataSource: null
                  EntityRef: null
                  Expression: ""
                  Form: ""
                  Icon: null
                  Microflow: ""
                  Nanoflow: ""
                  Objects: null
                  PrimitiveValue: ""
                  Selection: None
                  SourceVariable: null
                  TextTemplate: null
                  TranslatableValue: null
                  TypePointer:
                    Data: iVwmEmOArkGfUK1a4eu7xw==
                    Subtype: 0
                  Widgets: null
                  XPathConstraint: ""
              - $Type: CustomWidgets$WidgetProperty
                TypePointer:
                  Data: DYtXdUeTwki68BBYLShkBw==
                  Subtype: 0
                Value:
                  $Type: CustomWidgets$WidgetValue
                  Action:
                    $Type: Forms$NoAction
                    DisabledDuringExecution: true
                  AttributeRef: null
                  DataSource: null
                  EntityRef: null
                  Expression: ""
                  Form: ""
                  Icon: null
                  Microflow: ""
                  Nanoflow: ""
                  Objects: null
                  PrimitiveValue: "false"
                  Selection: None
                  SourceVariable: null
                  TextTemplate: null
                  TranslatableValue: null
                  TypePointer:
                    Data: 8uLkBtD940GEBRxrckq8JA==
                    Subtype: 0
                  Widgets: null
                  XPathConstraint: ""
              - $Type: CustomWidgets$WidgetProperty
                TypePointer:
                  Data: RrFezRyz7kaLW0M7d/7phg==
                  Subtype: 0
                Value:
                  $Type: CustomWidgets$WidgetValue
                  Action:
                    $Type: Forms$NoAction
                    DisabledDuringExecution: true
                  AttributeRef: null
                  DataSource: null
                  EntityRef: null
                  Expression: ""
                  Form: ""
                  Icon: null
                  Microflow: ""
                  Nanoflow: ""
                  Objects: null
                  PrimitiveValue: ""
                  Selection: None
                  SourceVariable: null
                  TextTemplate: null
                  TranslatableValue: null
                  TypePointer:
                    Data: pKoQ8Hsr40+D5XFp8or+bA==
                    Subtype: 0
                  Widgets: null
                  XPathConstraint: ""
              - $Type: CustomWidgets$WidgetProperty
                TypePointer:
                  Data: y1bDsjlZvkq6uHc5rtyuQw==
                  Subtype: 0
                Value:
                  $Type: CustomWidgets$WidgetValue
                  Action:
                    $Type: Forms$NoAction
                    DisabledDuringExecution: true
                  AttributeRef: null
                  DataSource: null
                  EntityRef: null
                  Expression: ""
                  Form: ""
                  Icon: null
                  Microflow: ""
                  Nanoflow: ""
                  Objects: null
                  PrimitiveValue: action
                  Selection: None
                  SourceVariable: null
                  TextTemplate: null
                  TranslatableValue: null
                  TypePointer:
                    Data: yioqemdjVUihba4E9gzm1g==
                    Subtype: 0
                  Widgets: null
                  XPathConstraint: ""
              - $Type: CustomWidgets$WidgetProperty
                TypePointer:
                  Data: Po4u6oF8kkeDlxdHvn0gtw==
                  Subtype: 0
                Value:
                  $Type: CustomWidgets$WidgetValue
                  Action:
                    $Type: Forms$NoAction
                    DisabledDuringExecution: true
                  AttributeRef: null
                  DataSource: null
                  EntityRef: null
                  Expression: ""
                  Form: ""
                  Icon: null
                  Microflow: ""
                  Nanoflow: ""
                  Objects: null
                  PrimitiveValue: ""
                  Selection: None
                  SourceVariable: null
                  TextTemplate: null
                  TranslatableValue: null
                  TypePointer:
                    Data: QutkN6lUG0WjpSUkW8Km7Q==
                    Subtype: 0
                  Widgets: null
                  XPathConstraint: ""
              - $Type: CustomWidgets$WidgetProperty
                TypePointer:
                  Data: e2IM1Q4ax0C/JR1RWx5c2w==
                  Subtype: 0
                Value:
                  $Type: CustomWidgets$WidgetValue
                  Action:
                    $Type: Forms$NoAction
                    DisabledDuringExecution: true
                  AttributeRef: null
                  DataSource: null
                  EntityRef: null
                  Expression: ""
                  Form: ""
                  Icon: null
                  Microflow: ""
                  Nanoflow: ""
                  Objects: null
                  PrimitiveValue: ""
                  Selection: None
                  SourceVariable: null
                  TextTemplate:
                    $Type: Forms$ClientTemplate
                    Fallback:
                      $Type: Texts$Text
                      Items: null
                    Parameters: null
                    Template:
                      $Type: Texts$Text
                      Items: null
                  TranslatableValue: null
                  TypePointer:
                    Data: V8o+JTNccUCkjgEF35YN3w==
                    Subtype: 0
                  Widgets: null
                  XPathConstraint: ""
              - $Type: CustomWidgets$WidgetProperty
                TypePointer:
                  Data: PssRCeDz7kyqAzJhhZ24Ew==
                  Subtype: 0
                Value:
                  $Type: CustomWidgets$WidgetValue
                  Action:
                    $Type: Forms$NoAction
                    DisabledDuringExecution: true
                  AttributeRef: null
                  DataSource: null
                  EntityRef: null
                  Expression: ""
                  Form: ""
                  Icon: null
                  Microflow: ""
                  Nanoflow: ""
                  Objects: null
                  PrimitiveValue: pixels
                  Selection: None
                  SourceVariable: null
                  TextTemplate: null
                  TranslatableValue: null
                  TypePointer:
                    Data: +rVyxTGV1USVZFJe2qZteg==
                    Subtype: 0
                  Widgets: null
                  XPathConstraint: ""
              - $Type: CustomWidgets$WidgetProperty
                TypePointer:
                  Data: T5kVReRKUk2TdsDVf0WIuw==
                  Subtype: 0
                Value:
                  $Type: CustomWidgets$WidgetValue
                  Action:
                    $Type: Forms$NoAction
                    DisabledDuringExecution: true
                  AttributeRef: null
                  DataSource: null
                  EntityRef: null
                  Expression: ""
                  Form: ""
                  Icon: null
                  Microflow: ""
                  Nanoflow: ""
                  Objects: null
                  PrimitiveValue: "18"
                  Selection: None
                  SourceVariable: null
                  TextTemplate: null
                  TranslatableValue: null
                  TypePointer:
                    Data: CiFqnjG7xEuKJQ5aiSNYkg==
                    Subtype: 0
                  Widgets: null
                  XPathConstraint: ""
              - $Type: CustomWidgets$WidgetProperty
                TypePointer:
                  Data: O/nIXYwMxkiczYMXFLjIsw==
                  Subtype: 0
                Value:
                  $Type: CustomWidgets$WidgetValue
                  Action:
                    $Type: Forms$NoAction
                    DisabledDuringExecution: true
                  AttributeRef: null
                  DataSource: null
                  EntityRef: null
                  Expression: ""
                  Form: ""
                  Icon: null
                  Microflow: ""
                  Nanoflow: ""
                  Objects: null
                  PrimitiveValue: pixels
                  Selection: None
                  SourceVariable: null
                  TextTemplate: null
                  TranslatableValue: null
                  TypePointer:
                    Data: 7TGhwq3WXE2n4scO07mpIQ==
                    Subtype: 0
                  Widgets: null
                  XPathConstraint: ""
              - $Type: CustomWidgets$WidgetProperty
                TypePointer:
                  Data: OTQ5P8zxr0+/PN8ayR9Opg==
                  Subtype: 0
                Value:
                  $Type: CustomWidgets$WidgetValue
                  Action:
                    $Type: Forms$NoAction
                    DisabledDuringExecution: true
                  AttributeRef: null
                  DataSource: null
                  EntityRef: null
                  Expression: ""
                  Form: ""
                  Icon: null
                  Microflow: ""
                  Nanoflow: ""
                  Objects: null
                  PrimitiveValue: "18"
                  Selection: None
                  SourceVariable: null
                  TextTemplate: null
                  TranslatableValue: null
                  TypePointer:
                    Data: Xyew7O30+kG41w7srq74dg==
                    Subtype: 0
                  Widgets: null
                  XPathConstraint: ""
              - $Type: CustomWidgets$WidgetProperty
                TypePointer:
                  Data: rhENLgmsj0KRBuPassNsOQ==
                  Subtype: 0
                Value:
                  $Type: CustomWidgets$WidgetValue
                  Action:
                    $Type: Forms$NoAction
                    DisabledDuringExecution: true
                  AttributeRef: null
                  DataSource: null
                  EntityRef: null
                  Expression: ""
                  Form: ""
                  Icon: null
                  Microflow: ""
                  Nanoflow: ""
                  Objects: null
                  PrimitiveValue: "14"
                  Selection: None
                  SourceVariable: null
                  TextTemplate: null
                  TranslatableValue: null
                  TypePointer:
                    Data: G1K1peKaRk2b6kQZvvRO+w==
                    Subtype: 0
                  Widgets: null
                  XPathConstraint: ""
              - $Type: CustomWidgets$WidgetProperty
                TypePointer:
                  Data: Cr2uK+S9WUSCRtGHmepxcw==
                  Subtype: 0
                Value:
                  $Type: CustomWidgets$WidgetValue
                  Action:
                    $Type: Forms$NoAction
                    DisabledDuringExecution: true
                  AttributeRef: null
                  DataSource: null
                  EntityRef: null
                  Expression: ""
                  Form: ""
                  Icon: null
                  Microflow: ""
                  Nanoflow: ""
                  Objects: null
                  PrimitiveValue: fullImage
                  Selection: None
                  SourceVariable: null
                  TextTemplate: null
                  TranslatableValue: null
                  TypePointer:
                    Data: 1DX/wLObr02yOvF08lJLUA==
                    Subtype: 0
                  Widgets: null
                  XPathConstraint: ""
              - $Type: CustomWidgets$WidgetProperty
                TypePointer:
                  Data: 7Hy+CtDLCk+gUkVvKOybHA==
                  Subtype: 0
                Value:
                  $Type: CustomWidgets$WidgetValue
                  Action:
                    $Type: Forms$NoAction
                    DisabledDuringExecution: true
                  AttributeRef: null
                  DataSource: null
                  EntityRef: null
                  Expression: ""
                  Form: ""
                  Icon: null
                  Microflow: ""
                  Nanoflow: ""
                  Objects: null
                  PrimitiveValue: "false"
                  Selection: None
                  SourceVariable: null
                  TextTemplate: null
                  TranslatableValue: null
                  TypePointer:
                    Data: Y9ybLd/Ak0uES5pzi2Qvow==
                    Subtype: 0
                  Widgets: null
                  XPathConstraint: ""
              TypePointer:
                Data: pQeKE9nmb0m/DjUIaOIl2Q==
                Subtype: 0
            TabIndex: 0
          XPathConstraint: ""
      - $Type: CustomWidgets$WidgetProperty
        TypePointer:
          Data: VF2oRtUgtUyEj0zMvngBxg==
          Subtype: 0
        Value:
          $Type: CustomWidgets$WidgetValue
          Action:
            $Type: Forms$NoAction
            DisabledDuringExecution: true
          AttributeRef: null
          DataSource: null
          EntityRef: null
          Expression: ""
          Form: ""
          Icon: null
          Microflow: ""
          Nanoflow: ""
          Objects: null
          PrimitiveValue: ""
          Selection: None
          SourceVariable: null
          TextTemplate: null
          TranslatableValue: null
          TypePointer:
            Data: DF7K0Aviv0Oxfv/8f0BK2Q==
            Subtype: 0
          Widgets:
          - $Type: Forms$DynamicText
            Appearance:
              $Type: Forms$Appearance
              Class: ""
              DesignProperties: null
              DynamicClasses: ""
              Style: ""
            ConditionalVisibilitySettings: null
            Content:
              $Type: Forms$ClientTemplate
              Fallback:
                $Type: Texts$Text
                Items: null
              Parameters: null
              Template:
                $Type: Texts$Text
                Items:
                - $Type: Texts$Translation
                  LanguageCode: en_US
                  Text: Today
            Name: text6
            NativeAccessibilitySettings: null
            NativeTextStyle: Text
            RenderMode: Text
            TabIndex: 0
          XPathConstraint: ""
      - $Type: CustomWidgets$WidgetProperty
        TypePointer:
          Data: wJgGKacCrEmmTrF02+vb8w==
          Subtype: 0
        Value:
          $Type: CustomWidgets$WidgetValue
          Action:
            $Type: Forms$NoAction
            DisabledDuringExecution: true
          AttributeRef: null
          DataSource: null
          EntityRef: null
          Expression: ""
          Form: ""
          Icon: null
          Microflow: ""
          Nanoflow: ""
          Objects: null
          PrimitiveValue: ""
          Selection: None
          SourceVariable: null
          TextTemplate: null
          TranslatableValue: null
          TypePointer:
            Data: wM7t464+JkaqeGHlJ7cNuA==
            Subtype: 0
          Widgets: null
          XPathConstraint: ""
      - $Type: CustomWidgets$WidgetProperty
        TypePointer:
          Data: 9DbKnNri206QGBn+c/tqCA==
          Subtype: 0
        Value:
          $Type: CustomWidgets$WidgetValue
          Action:
            $Type: Forms$NoAction
            DisabledDuringExecution: true
          AttributeRef: null
          DataSource: null
          EntityRef: null
          Expression: ""
          Form: ""
          Icon: null
          Microflow: ""
          Nanoflow: ""
          Objects: null
          PrimitiveValue: ""
          Selection: None
          SourceVariable: null
          TextTemplate: null
          TranslatableValue: null
          TypePointer:
            Data: 5XeTXlcb6UaueMukudeXNg==
            Subtype: 0
          Widgets:
          - $Type: Forms$DynamicText
            Appearance:
              $Type: Forms$Appearance
              Class: ""
              DesignProperties:
              - $Type: Forms$DesignPropertyValue
                Key: Color
                Value:
                  $Type: Forms$OptionDesignPropertyValue
                  Option: Brand Primary
              DynamicClasses: ""
              Style: ""
            ConditionalVisibilitySettings: null
            Content:
              $Type: Forms$ClientTemplate
              Fallback:
                $Type: Texts$Text
                Items: null
              Parameters: null
              Template:
                $Type: Texts$Text
                Items:
                - $Type: Texts$Translation
                  LanguageCode: en_US
                  Text: "14:30"
            Name: text8
            NativeAccessibilitySettings: null
            NativeTextStyle: Text
            RenderMode: H5
            TabIndex: 0
          XPathConstraint: ""
      - $Type: CustomWidgets$WidgetProperty
        TypePointer:
          Data: m/oFH5sbfkWXQsC54LG6cg==
          Subtype: 0
        Value:
          $Type: CustomWidgets$WidgetValue
          Action:
            $Type: Forms$NoAction
            DisabledDuringExecution: true
          AttributeRef: null
          DataSource: null
          EntityRef: null
          Expression: ""
          Form: ""
          Icon: null
          Microflow: ""
          Nanoflow: ""
          Objects: null
          PrimitiveValue: ""
          Selection: None
          SourceVariable: null
          TextTemplate: null
          TranslatableValue: null
          TypePointer:
            Data: grx3zC2cfUKMe16HIG9OCA==
            Subtype: 0
          Widgets:
          - $Type: Forms$LayoutGrid
            Appearance:
              $Type: Forms$Appearance
              Class: ""
              DesignProperties: null
              DynamicClasses: ""
              Style: ""
            ConditionalVisibilitySettings: null
            Name: layoutGrid1
            Rows:
            - $Type: Forms$LayoutGridRow
              Appearance:
                $Type: Forms$Appearance
                Class: ""
                DesignProperties: null
                DynamicClasses: ""
                Style: ""
              Columns:
              - $Type: Forms$LayoutGridColumn
                Appearance:
                  $Type: Forms$Appearance
                  Class: ""
                  DesignProperties: null
                  DynamicClasses: ""
                  Style: ""
                PhoneWeight: -2
                PreviewWidth: -1
                TabletWeight: -2
                VerticalAlignment: None
                Weight: -2
                Widgets:
                - $Type: Forms$ActionButton
                  Action:
                    $Type: Forms$NoAction
                    DisabledDuringExecution: true
                  Appearance:
                    $Type: Forms$Appearance
                    Class: timeline-entry-image
                    DesignProperties: null
                    DynamicClasses: ""
                    Style: ""
                  AriaRole: Button
                  ButtonStyle: Success
                  CaptionTemplate:
                    $Type: Forms$ClientTemplate
                    Fallback:
                      $Type: Texts$Text
                      Items: null
                    Parameters: null
                    Template:
                      $Type: Texts$Text
                      Items:
                      - $Type: Texts$Translation
                        LanguageCode: en_US
                        Text: ""
                  ConditionalVisibilitySettings: null
                  Icon:
                    $Type: Forms$IconCollectionIcon
                  Name: actionButton1
                  NativeAccessibilitySettings: null
                  RenderType: Button
                  TabIndex: 0
                  Tooltip:
                    $Type: Texts$Text
                    Items: null
              - $Type: Forms$LayoutGridColumn
                Appearance:
                  $Type: Forms$Appearance
                  Class: ""
                  DesignProperties: null
                  DynamicClasses: ""
                  Style: ""
                PhoneWeight: -1
                PreviewWidth: -1
                TabletWeight: -1
                VerticalAlignment: None
                Weight: -1
                Widgets:
                - $Type: Forms$DynamicText
                  Appearance:
                    $Type: Forms$Appearance
                    Class: ""
                    DesignProperties: null
                    DynamicClasses: ""
                    Style: ""
                  ConditionalVisibilitySettings: null
                  Content:
                    $Type: Forms$ClientTemplate
                    Fallback:
                      $Type: Texts$Text
                      Items: null
                    Parameters: null
                    Template:
                      $Type: Texts$Text
                      Items:
                      - $Type: Texts$Translation
                        LanguageCode: en_US
                        Text: Timeline entry title
                  Name: text7
                  NativeAccessibilitySettings: null
                  NativeTextStyle: Text
                  RenderMode: H5
                  TabIndex: 0
                - $Type: Forms$DynamicText
                  Appearance:
                    $Type: Forms$Appearance
                    Class: ""
                    DesignProperties: null
                    DynamicClasses: ""
                    Style: ""
                  ConditionalVisibilitySettings: null
                  Content:
                    $Type: Forms$ClientTemplate
                    Fallback:
                      $Type: Texts$Text
                      Items: null
                    Parameters: null
                    Template:
                      $Type: Texts$Text
                      Items:
                      - $Type: Texts$Translation
                        LanguageCode: en_US
                        Text: Timeline entry description
                  Name: text9
                  NativeAccessibilitySettings: null
                  NativeTextStyle: Text
                  RenderMode: Text
                  TabIndex: 0
              ConditionalVisibilitySettings: null
              HorizontalAlignment: None
              SpacingBetweenColumns: true
              VerticalAlignment: None
            TabIndex: 0
            Width: FullWidth
          XPathConstraint: ""
      - $Type: CustomWidgets$WidgetProperty
        TypePointer:
          Data: 9WR7aBjua06K3qYBf1QFWg==
          Subtype: 0
        Value:
          $Type: CustomWidgets$WidgetValue
          Action:
            $Type: Forms$NoAction
            DisabledDuringExecution: true
          AttributeRef: null
          DataSource: null
          EntityRef: null
          Expression: ""
          Form: ""
          Icon: null
          Microflow: ""
          Nanoflow: ""
          Objects: null
          PrimitiveValue: ""
          Selection: None
          SourceVariable: null
          TextTemplate: null
          TranslatableValue: null
          TypePointer:
            Data: f/W+Ye3d1Em683B+Jasa7g==
            Subtype: 0
          Widgets: null
          XPathConstraint: ""
      TypePointer:
        Data: 3PL1HI/+d0CIyT0cH3Pfxw==
        Subtype: 0
    TabIndex: 0
